// !$*UTF8*$!
{
	archiveVersion = 1;
	classes = {
	};
	objectVersion = 54;
	objects = {

/* Begin PBXBuildFile section */
		00E356F31AD99517003FC87E /* Batch4Tests.m in Sources */ = {isa = PBXBuildFile; fileRef = 00E356F21AD99517003FC87E /* Batch4Tests.m */; };
		047E34752B221707002309C0 /* AppDelegate.mm in Sources */ = {isa = PBXBuildFile; fileRef = 13B07FB01A68108700A75B9A /* AppDelegate.mm */; };
		047E34762B221707002309C0 /* main.m in Sources */ = {isa = PBXBuildFile; fileRef = 13B07FB71A68108700A75B9A /* main.m */; };
		047E347A2B221707002309C0 /* fitness-icon-png-286.png in Resources */ = {isa = PBXBuildFile; fileRef = 04F1737C2B1F988000D06EAE /* fitness-icon-png-286.png */; };
		047E347B2B221707002309C0 /* LaunchScreen.storyboard in Resources */ = {isa = PBXBuildFile; fileRef = 81AB9BB72411601600AC10FF /* LaunchScreen.storyboard */; };
		047E347C2B221707002309C0 /* Images.xcassets in Resources */ = {isa = PBXBuildFile; fileRef = 13B07FB51A68108700A75B9A /* Images.xcassets */; };
		047E347D2B221707002309C0 /* GoogleService-Info.plist in Resources */ = {isa = PBXBuildFile; fileRef = 04EDD1CA2AFD2EBB00587554 /* GoogleService-Info.plist */; };
		047E348C2B22170C002309C0 /* AppDelegate.mm in Sources */ = {isa = PBXBuildFile; fileRef = 13B07FB01A68108700A75B9A /* AppDelegate.mm */; };
		047E348D2B22170C002309C0 /* main.m in Sources */ = {isa = PBXBuildFile; fileRef = 13B07FB71A68108700A75B9A /* main.m */; };
		047E34912B22170C002309C0 /* fitness-icon-png-286.png in Resources */ = {isa = PBXBuildFile; fileRef = 04F1737C2B1F988000D06EAE /* fitness-icon-png-286.png */; };
		047E34922B22170C002309C0 /* LaunchScreen.storyboard in Resources */ = {isa = PBXBuildFile; fileRef = 81AB9BB72411601600AC10FF /* LaunchScreen.storyboard */; };
		047E34932B22170C002309C0 /* Images.xcassets in Resources */ = {isa = PBXBuildFile; fileRef = 13B07FB51A68108700A75B9A /* Images.xcassets */; };
		047E34942B22170C002309C0 /* GoogleService-Info.plist in Resources */ = {isa = PBXBuildFile; fileRef = 04EDD1CA2AFD2EBB00587554 /* GoogleService-Info.plist */; };
		04EDD1CB2AFD2EBB00587554 /* GoogleService-Info.plist in Resources */ = {isa = PBXBuildFile; fileRef = 04EDD1CA2AFD2EBB00587554 /* GoogleService-Info.plist */; };
		04F1737D2B1F988000D06EAE /* fitness-icon-png-286.png in Resources */ = {isa = PBXBuildFile; fileRef = 04F1737C2B1F988000D06EAE /* fitness-icon-png-286.png */; };
		08212EAD9274492399FAC38C /* Poppins-ThinItalic.ttf in Resources */ = {isa = PBXBuildFile; fileRef = 9B845B270AD04508B69FC10F /* Poppins-ThinItalic.ttf */; };
		0EB5A7FF262C47B79240E812 /* OpenSans-Italic.ttf in Resources */ = {isa = PBXBuildFile; fileRef = 2D44C2E9173743D89A9FD2A2 /* OpenSans-Italic.ttf */; };
		0F710BA05C0A4445B6CDF116 /* Neris-SemiBoldItalic.otf in Resources */ = {isa = PBXBuildFile; fileRef = 0174CE2D55234590BDBD79F6 /* Neris-SemiBoldItalic.otf */; };
		0FD990AD8D954E67A5EFA5D3 /* OpenSans-SemiboldItalic_0.ttf in Resources */ = {isa = PBXBuildFile; fileRef = D2D42E9295634BA2B4C0C9BA /* OpenSans-SemiboldItalic_0.ttf */; };
		13696F2EDFCF4C3A913A0518 /* Neris-SemiBold.otf in Resources */ = {isa = PBXBuildFile; fileRef = 0F0E4E4311B64285BABA91A7 /* Neris-SemiBold.otf */; };
		13B07FBC1A68108700A75B9A /* AppDelegate.mm in Sources */ = {isa = PBXBuildFile; fileRef = 13B07FB01A68108700A75B9A /* AppDelegate.mm */; };
		13B07FBF1A68108700A75B9A /* Images.xcassets in Resources */ = {isa = PBXBuildFile; fileRef = 13B07FB51A68108700A75B9A /* Images.xcassets */; };
		13B07FC11A68108700A75B9A /* main.m in Sources */ = {isa = PBXBuildFile; fileRef = 13B07FB71A68108700A75B9A /* main.m */; };
		175FDFBAB846400F86960B6B /* Neris-Light.otf in Resources */ = {isa = PBXBuildFile; fileRef = BB223C97627D46D19BBE2526 /* Neris-Light.otf */; };
		1906092EF70242A3A628445D /* Poppins-Black.ttf in Resources */ = {isa = PBXBuildFile; fileRef = 0052CBB9E5BA4F36B7D00D84 /* Poppins-Black.ttf */; };
		23D403F700DC478A9EBCA32D /* Montserrat-Italic.ttf in Resources */ = {isa = PBXBuildFile; fileRef = EA74720997BB4B20A00CCE70 /* Montserrat-Italic.ttf */; };
		2946CFF69F0B466DADD1816E /* Montserrat-BlackItalic.ttf in Resources */ = {isa = PBXBuildFile; fileRef = 23CE4E3628D747909A2B10E7 /* Montserrat-BlackItalic.ttf */; };
		2BDBCB3123B9466FA71364A5 /* Karbon.ttf in Resources */ = {isa = PBXBuildFile; fileRef = EF31E6BA2A024A24AAD029BD /* Karbon.ttf */; };
		3008903E501949E4B59A25D9 /* OpenSans-BoldItalic.ttf in Resources */ = {isa = PBXBuildFile; fileRef = D64AA6C4BB394570B9553AB8 /* OpenSans-BoldItalic.ttf */; };
		31435BBD80464EC390776423 /* OpenSans-Regular.ttf in Resources */ = {isa = PBXBuildFile; fileRef = B04399298349419898310580 /* OpenSans-Regular.ttf */; };
		35AB9C56840FF934F52DCAFB /* Pods_Batch4CommonPods_Batch4Tests.framework in Frameworks */ = {isa = PBXBuildFile; fileRef = A12F365A4FFF1FE48E52B023 /* Pods_Batch4CommonPods_Batch4Tests.framework */; };
		35FB984FB65F410EA6E9C3E2 /* Poppins-MediumItalic.ttf in Resources */ = {isa = PBXBuildFile; fileRef = F093AC39691B40F787448C8D /* Poppins-MediumItalic.ttf */; };
		38071E8C773C4A07B569D324 /* Poppins-ExtraBoldItalic.ttf in Resources */ = {isa = PBXBuildFile; fileRef = 4566265207264391B0947CE0 /* Poppins-ExtraBoldItalic.ttf */; };
		38A54F7DBA6B42E49688014B /* OpenSans-Semibold.ttf in Resources */ = {isa = PBXBuildFile; fileRef = E9166C66D4B9421E8838343D /* OpenSans-Semibold.ttf */; };
		3AE7CBE08EEA4CC2B2D12598 /* Montserrat-ExtraLightItalic.ttf in Resources */ = {isa = PBXBuildFile; fileRef = 0E927424F4BB4E5C81604F9D /* Montserrat-ExtraLightItalic.ttf */; };
		3CB9BF5298344D0B88B17ADC /* Poppins-SemiBold.ttf in Resources */ = {isa = PBXBuildFile; fileRef = F14E3A99B9794F028ADF2006 /* Poppins-SemiBold.ttf */; };
		3E9FB8B490AE43858A1C5C90 /* Poppins-Thin.ttf in Resources */ = {isa = PBXBuildFile; fileRef = AC41172E51CA4CE3B93F1C8C /* Poppins-Thin.ttf */; };
		46D4C96C3A554B64A43E2D77 /* Neris-BoldItalic.otf in Resources */ = {isa = PBXBuildFile; fileRef = 425341F1DAD3449C81E39442 /* Neris-BoldItalic.otf */; };
		4B32B73EAD9B4F9F81C7D6DC /* Neris-LightItalic.otf in Resources */ = {isa = PBXBuildFile; fileRef = 2B46CF05F6564255BC45BBAC /* Neris-LightItalic.otf */; };
		4F807BD8932EECE5D4AD3706 /* Pods_Batch4CommonPods_Batch4Dev.framework in Frameworks */ = {isa = PBXBuildFile; fileRef = 966D7D4A97CF1805F69BDCF7 /* Pods_Batch4CommonPods_Batch4Dev.framework */; };
		505A8BC58A074871A0023A20 /* Poppins-LightItalic.ttf in Resources */ = {isa = PBXBuildFile; fileRef = 2BEF29AE523B4D61A962C592 /* Poppins-LightItalic.ttf */; };
		53ABDF1E74D0431687C5A0F3 /* Montserrat-SemiBoldItalic.ttf in Resources */ = {isa = PBXBuildFile; fileRef = E4F47AC3CFD34B50A693E96A /* Montserrat-SemiBoldItalic.ttf */; };
		5D58719941E541A485EFA76B /* opensans-condbold-webfont.ttf in Resources */ = {isa = PBXBuildFile; fileRef = 9A0B65A62F874C4B95F34125 /* opensans-condbold-webfont.ttf */; };
		754A7AF9D44E455893936455 /* Montserrat-ThinItalic.ttf in Resources */ = {isa = PBXBuildFile; fileRef = 2CA9C2515F724A78996A1618 /* Montserrat-ThinItalic.ttf */; };
		769CDAD5D7A8427DBD6E9FC9 /* Montserrat-BoldItalic.ttf in Resources */ = {isa = PBXBuildFile; fileRef = 12CEFFFE866B431AA12B385A /* Montserrat-BoldItalic.ttf */; };
		7B61B0BA5EE5489E9E827DA4 /* Poppins-Regular.ttf in Resources */ = {isa = PBXBuildFile; fileRef = 38D519DDB57F4DFD8CB058B5 /* Poppins-Regular.ttf */; };
		7DD1425BBB2648C3BFBD072C /* OpenSans-CondLight.ttf in Resources */ = {isa = PBXBuildFile; fileRef = 8238EED6A2194B2EA29B7D50 /* OpenSans-CondLight.ttf */; };
		8071D30E99D6426EAC85486F /* Montserrat-ExtraBold.ttf in Resources */ = {isa = PBXBuildFile; fileRef = BA7C82CF02F14C0D8139EF2F /* Montserrat-ExtraBold.ttf */; };
		81AB9BB82411601600AC10FF /* LaunchScreen.storyboard in Resources */ = {isa = PBXBuildFile; fileRef = 81AB9BB72411601600AC10FF /* LaunchScreen.storyboard */; };
		8E5014FE2789430A8E32E3A3 /* Montserrat-MediumItalic.ttf in Resources */ = {isa = PBXBuildFile; fileRef = 92C60C65EC714800940231B2 /* Montserrat-MediumItalic.ttf */; };
		91023F5427DA44038338FE93 /* Neris-Thin.otf in Resources */ = {isa = PBXBuildFile; fileRef = 5FCF03EC7A1C4FF987B0BBC1 /* Neris-Thin.otf */; };
		912CC98E5D154C4BB1F9D32C /* Montserrat-Light.ttf in Resources */ = {isa = PBXBuildFile; fileRef = EEE42CC0BAF54D9284C9F08C /* Montserrat-Light.ttf */; };
		93FD22DEE0E14730BF9583EB /* Montserrat-ExtraBoldItalic.ttf in Resources */ = {isa = PBXBuildFile; fileRef = BE5B46A392A84ED5AB7C563B /* Montserrat-ExtraBoldItalic.ttf */; };
		94F068321C5F4DCE9FC9968C /* Poppins-Light.ttf in Resources */ = {isa = PBXBuildFile; fileRef = A691D87E798D4A2093811A28 /* Poppins-Light.ttf */; };
		97DD0E1E99C24F2D8581F47C /* Montserrat-ExtraLight.ttf in Resources */ = {isa = PBXBuildFile; fileRef = 43E79FD50BD9451AAFB095C1 /* Montserrat-ExtraLight.ttf */; };
		991FA8DA68C64BA6B75E6F30 /* Poppins-SemiBoldItalic.ttf in Resources */ = {isa = PBXBuildFile; fileRef = FC5DD2F97BB047AD988D8EED /* Poppins-SemiBoldItalic.ttf */; };
		9D7B1EA513804C29AE8BC956 /* Poppins-BlackItalic.ttf in Resources */ = {isa = PBXBuildFile; fileRef = A36D8C0E90F540D3B2E02BB5 /* Poppins-BlackItalic.ttf */; };
		A5942640172C451794C75466 /* OpenSans-Light.ttf in Resources */ = {isa = PBXBuildFile; fileRef = D5BF54B88BC1478887281E4B /* OpenSans-Light.ttf */; };
		A6911ED3B8F94571B4061A93 /* Poppins-ExtraBold.ttf in Resources */ = {isa = PBXBuildFile; fileRef = E46F5A6CE9FA4B45A84BB81D /* Poppins-ExtraBold.ttf */; };
		A73698C3CEE64E4DBB5BAFB3 /* OpenSans-ExtraBold.ttf in Resources */ = {isa = PBXBuildFile; fileRef = 43A01F2ABADD4E6781DC0065 /* OpenSans-ExtraBold.ttf */; };
		AA2F88193A7F4D8D8819890F /* Poppins-Medium.ttf in Resources */ = {isa = PBXBuildFile; fileRef = D748602FDC694255AE063E12 /* Poppins-Medium.ttf */; };
		AA581E256DFDEF58BA5E0D73 /* Pods_Batch4CommonPods_Batch4.framework in Frameworks */ = {isa = PBXBuildFile; fileRef = 2D03DFB45ED23F340DDC3F47 /* Pods_Batch4CommonPods_Batch4.framework */; };
		AD5756A342C54860BCB0E8D8 /* OpenSans-LightItalic.ttf in Resources */ = {isa = PBXBuildFile; fileRef = 60FC336E7F8A4F3D85A01447 /* OpenSans-LightItalic.ttf */; };
		B0391AE4CE52484EA3FBD2A8 /* Neris-ThinItalic.otf in Resources */ = {isa = PBXBuildFile; fileRef = 67162650D0264E7DB8B9576C /* Neris-ThinItalic.otf */; };
		BA404C72F52E4A9791DE9EBD /* OpenSans-ExtraBoldItalic.ttf in Resources */ = {isa = PBXBuildFile; fileRef = 800133C08E064DD39A5D6810 /* OpenSans-ExtraBoldItalic.ttf */; };
		BD031681C53C480B909301FF /* Montserrat-SemiBold.ttf in Resources */ = {isa = PBXBuildFile; fileRef = 5DB23639896C4202A37E5523 /* Montserrat-SemiBold.ttf */; };
		BD643993F64747B19A990491 /* Poppins-Italic.ttf in Resources */ = {isa = PBXBuildFile; fileRef = CE66BC0D81A64C5EA45470C5 /* Poppins-Italic.ttf */; };
		C1E590FFE4BB6ED7C615479E /* Pods_Batch4CommonPods_Batch4Stg.framework in Frameworks */ = {isa = PBXBuildFile; fileRef = 29ED30FA4C09EC829AB30125 /* Pods_Batch4CommonPods_Batch4Stg.framework */; };
		C34052995198414F9BECD829 /* Montserrat-Bold.ttf in Resources */ = {isa = PBXBuildFile; fileRef = 541594E7FAE2480CAC045101 /* Montserrat-Bold.ttf */; };
		CB94CF303A764AFAB7BEF363 /* Neris-BlackItalic.otf in Resources */ = {isa = PBXBuildFile; fileRef = E281A5218E1740C2B602943A /* Neris-BlackItalic.otf */; };
		D35C7F5DA5EE4652B70BAD36 /* Poppins-BoldItalic.ttf in Resources */ = {isa = PBXBuildFile; fileRef = 08E13C1458634489BE55F267 /* Poppins-BoldItalic.ttf */; };
		D5396D230CBB415DA8EEB3D6 /* Montserrat-Black.ttf in Resources */ = {isa = PBXBuildFile; fileRef = 69114AFE325D4D4B9EDDDA42 /* Montserrat-Black.ttf */; };
		D7EF9586ECE1461C96F731F9 /* OpenSans-Bold.ttf in Resources */ = {isa = PBXBuildFile; fileRef = 5E497380779E43EAAC0C3445 /* OpenSans-Bold.ttf */; };
		D8F7B692D9334ACEAAE3781B /* Neris-Black.otf in Resources */ = {isa = PBXBuildFile; fileRef = B5C8EAB3EDD24E4B9DD0EBDB /* Neris-Black.otf */; };
		DB49DC6CA9434FBCB13BFF76 /* Montserrat-Thin.ttf in Resources */ = {isa = PBXBuildFile; fileRef = D8220A0821B84428B26F334A /* Montserrat-Thin.ttf */; };
		E2C4D2B12DFD4101BDD5B638 /* Poppins-ExtraLightItalic.ttf in Resources */ = {isa = PBXBuildFile; fileRef = 6211C5020B4C4B919FB29CD8 /* Poppins-ExtraLightItalic.ttf */; };
		E2FCEF1E47204D0F982A9741 /* Poppins-ExtraLight.ttf in Resources */ = {isa = PBXBuildFile; fileRef = 322B07022B1147479CEB0D8F /* Poppins-ExtraLight.ttf */; };
		E4A75BB76E134443AA0874CF /* Montserrat-Medium.ttf in Resources */ = {isa = PBXBuildFile; fileRef = 9AA58511F24347D8BE9835E6 /* Montserrat-Medium.ttf */; };
		E7812FC943E74074AAC5B4E9 /* Schoolbell-pMMy.ttf in Resources */ = {isa = PBXBuildFile; fileRef = BB67E2ACF9F54493B821FFA2 /* Schoolbell-pMMy.ttf */; };
		EB79B607DD0543BD9FA6BDFE /* Montserrat-LightItalic.ttf in Resources */ = {isa = PBXBuildFile; fileRef = 73219DFF86D64A4FAB884492 /* Montserrat-LightItalic.ttf */; };
		EC62CD29B89D44C691C8B253 /* Montserrat-Regular.ttf in Resources */ = {isa = PBXBuildFile; fileRef = 26F641EC4ACC4920BCE1DD71 /* Montserrat-Regular.ttf */; };
		ED55AF6933DD4281A40D7CDE /* Poppins-Bold.ttf in Resources */ = {isa = PBXBuildFile; fileRef = 0000EEDEA5214583ACCA6A00 /* Poppins-Bold.ttf */; };
/* End PBXBuildFile section */

/* Begin PBXContainerItemProxy section */
		00E356F41AD99517003FC87E /* PBXContainerItemProxy */ = {
			isa = PBXContainerItemProxy;
			containerPortal = 83CBB9F71A601CBA00E9B192 /* Project object */;
			proxyType = 1;
			remoteGlobalIDString = 13B07F861A680F5B00A75B9A;
			remoteInfo = Batch4;
		};
/* End PBXContainerItemProxy section */

/* Begin PBXFileReference section */
		0000EEDEA5214583ACCA6A00 /* Poppins-Bold.ttf */ = {isa = PBXFileReference; explicitFileType = undefined; fileEncoding = undefined; includeInIndex = 0; lastKnownFileType = unknown; name = "Poppins-Bold.ttf"; path = "../src/assets/fonts/Poppins-Bold.ttf"; sourceTree = "<group>"; };
		0052CBB9E5BA4F36B7D00D84 /* Poppins-Black.ttf */ = {isa = PBXFileReference; explicitFileType = undefined; fileEncoding = undefined; includeInIndex = 0; lastKnownFileType = unknown; name = "Poppins-Black.ttf"; path = "../src/assets/fonts/Poppins-Black.ttf"; sourceTree = "<group>"; };
		00E356EE1AD99517003FC87E /* Batch4Tests.xctest */ = {isa = PBXFileReference; explicitFileType = wrapper.cfbundle; includeInIndex = 0; path = Batch4Tests.xctest; sourceTree = BUILT_PRODUCTS_DIR; };
		00E356F11AD99517003FC87E /* Info.plist */ = {isa = PBXFileReference; lastKnownFileType = text.plist.xml; path = Info.plist; sourceTree = "<group>"; };
		00E356F21AD99517003FC87E /* Batch4Tests.m */ = {isa = PBXFileReference; lastKnownFileType = sourcecode.c.objc; path = Batch4Tests.m; sourceTree = "<group>"; };
		0174CE2D55234590BDBD79F6 /* Neris-SemiBoldItalic.otf */ = {isa = PBXFileReference; explicitFileType = undefined; fileEncoding = undefined; includeInIndex = 0; lastKnownFileType = unknown; name = "Neris-SemiBoldItalic.otf"; path = "../src/assets/fonts/Neris-SemiBoldItalic.otf"; sourceTree = "<group>"; };
		047E34862B221707002309C0 /* Batch4Dev.app */ = {isa = PBXFileReference; explicitFileType = wrapper.application; includeInIndex = 0; path = Batch4Dev.app; sourceTree = BUILT_PRODUCTS_DIR; };
		047E34872B221708002309C0 /* Batch4Dev-Info.plist */ = {isa = PBXFileReference; lastKnownFileType = text.plist.xml; name = "Batch4Dev-Info.plist"; path = "/Users/Mac/Documents/projects/itc/Batch4/ios/Batch4Dev-Info.plist"; sourceTree = "<absolute>"; };
		047E349D2B22170C002309C0 /* Batch4Stg.app */ = {isa = PBXFileReference; explicitFileType = wrapper.application; includeInIndex = 0; path = Batch4Stg.app; sourceTree = BUILT_PRODUCTS_DIR; };
		047E349E2B22170D002309C0 /* Batch4Stg-Info.plist */ = {isa = PBXFileReference; lastKnownFileType = text.plist.xml; name = "Batch4Stg-Info.plist"; path = "/Users/Mac/Documents/projects/itc/Batch4/ios/Batch4Stg-Info.plist"; sourceTree = "<absolute>"; };
		04D6D8FD2B17901D001B4189 /* Batch4.entitlements */ = {isa = PBXFileReference; lastKnownFileType = text.plist.entitlements; name = Batch4.entitlements; path = Batch4/Batch4.entitlements; sourceTree = "<group>"; };
		04EDD1CA2AFD2EBB00587554 /* GoogleService-Info.plist */ = {isa = PBXFileReference; fileEncoding = 4; lastKnownFileType = text.plist.xml; name = "GoogleService-Info.plist"; path = "Batch4/GoogleService-Info.plist"; sourceTree = "<group>"; };
		04F1737C2B1F988000D06EAE /* fitness-icon-png-286.png */ = {isa = PBXFileReference; lastKnownFileType = image.png; path = "fitness-icon-png-286.png"; sourceTree = "<group>"; };
		08E13C1458634489BE55F267 /* Poppins-BoldItalic.ttf */ = {isa = PBXFileReference; explicitFileType = undefined; fileEncoding = undefined; includeInIndex = 0; lastKnownFileType = unknown; name = "Poppins-BoldItalic.ttf"; path = "../src/assets/fonts/Poppins-BoldItalic.ttf"; sourceTree = "<group>"; };
		0E927424F4BB4E5C81604F9D /* Montserrat-ExtraLightItalic.ttf */ = {isa = PBXFileReference; explicitFileType = undefined; fileEncoding = undefined; includeInIndex = 0; lastKnownFileType = unknown; name = "Montserrat-ExtraLightItalic.ttf"; path = "../src/assets/fonts/Montserrat-ExtraLightItalic.ttf"; sourceTree = "<group>"; };
		0F0E4E4311B64285BABA91A7 /* Neris-SemiBold.otf */ = {isa = PBXFileReference; explicitFileType = undefined; fileEncoding = undefined; includeInIndex = 0; lastKnownFileType = unknown; name = "Neris-SemiBold.otf"; path = "../src/assets/fonts/Neris-SemiBold.otf"; sourceTree = "<group>"; };
		12CEFFFE866B431AA12B385A /* Montserrat-BoldItalic.ttf */ = {isa = PBXFileReference; explicitFileType = undefined; fileEncoding = undefined; includeInIndex = 0; lastKnownFileType = unknown; name = "Montserrat-BoldItalic.ttf"; path = "../src/assets/fonts/Montserrat-BoldItalic.ttf"; sourceTree = "<group>"; };
		13B07F961A680F5B00A75B9A /* Batch4.app */ = {isa = PBXFileReference; explicitFileType = wrapper.application; includeInIndex = 0; path = Batch4.app; sourceTree = BUILT_PRODUCTS_DIR; };
		13B07FAF1A68108700A75B9A /* AppDelegate.h */ = {isa = PBXFileReference; fileEncoding = 4; lastKnownFileType = sourcecode.c.h; name = AppDelegate.h; path = Batch4/AppDelegate.h; sourceTree = "<group>"; };
		13B07FB01A68108700A75B9A /* AppDelegate.mm */ = {isa = PBXFileReference; fileEncoding = 4; lastKnownFileType = sourcecode.cpp.objcpp; name = AppDelegate.mm; path = Batch4/AppDelegate.mm; sourceTree = "<group>"; };
		13B07FB51A68108700A75B9A /* Images.xcassets */ = {isa = PBXFileReference; lastKnownFileType = folder.assetcatalog; name = Images.xcassets; path = Batch4/Images.xcassets; sourceTree = "<group>"; };
		13B07FB61A68108700A75B9A /* Info.plist */ = {isa = PBXFileReference; fileEncoding = 4; lastKnownFileType = text.plist.xml; name = Info.plist; path = Batch4/Info.plist; sourceTree = "<group>"; };
		13B07FB71A68108700A75B9A /* main.m */ = {isa = PBXFileReference; fileEncoding = 4; lastKnownFileType = sourcecode.c.objc; name = main.m; path = Batch4/main.m; sourceTree = "<group>"; };
		23CE4E3628D747909A2B10E7 /* Montserrat-BlackItalic.ttf */ = {isa = PBXFileReference; explicitFileType = undefined; fileEncoding = undefined; includeInIndex = 0; lastKnownFileType = unknown; name = "Montserrat-BlackItalic.ttf"; path = "../src/assets/fonts/Montserrat-BlackItalic.ttf"; sourceTree = "<group>"; };
		26F641EC4ACC4920BCE1DD71 /* Montserrat-Regular.ttf */ = {isa = PBXFileReference; explicitFileType = undefined; fileEncoding = undefined; includeInIndex = 0; lastKnownFileType = unknown; name = "Montserrat-Regular.ttf"; path = "../src/assets/fonts/Montserrat-Regular.ttf"; sourceTree = "<group>"; };
		29ED30FA4C09EC829AB30125 /* Pods_Batch4CommonPods_Batch4Stg.framework */ = {isa = PBXFileReference; explicitFileType = wrapper.framework; includeInIndex = 0; path = Pods_Batch4CommonPods_Batch4Stg.framework; sourceTree = BUILT_PRODUCTS_DIR; };
		2B46CF05F6564255BC45BBAC /* Neris-LightItalic.otf */ = {isa = PBXFileReference; explicitFileType = undefined; fileEncoding = undefined; includeInIndex = 0; lastKnownFileType = unknown; name = "Neris-LightItalic.otf"; path = "../src/assets/fonts/Neris-LightItalic.otf"; sourceTree = "<group>"; };
		2BEF29AE523B4D61A962C592 /* Poppins-LightItalic.ttf */ = {isa = PBXFileReference; explicitFileType = undefined; fileEncoding = undefined; includeInIndex = 0; lastKnownFileType = unknown; name = "Poppins-LightItalic.ttf"; path = "../src/assets/fonts/Poppins-LightItalic.ttf"; sourceTree = "<group>"; };
		2CA9C2515F724A78996A1618 /* Montserrat-ThinItalic.ttf */ = {isa = PBXFileReference; explicitFileType = undefined; fileEncoding = undefined; includeInIndex = 0; lastKnownFileType = unknown; name = "Montserrat-ThinItalic.ttf"; path = "../src/assets/fonts/Montserrat-ThinItalic.ttf"; sourceTree = "<group>"; };
		2D03DFB45ED23F340DDC3F47 /* Pods_Batch4CommonPods_Batch4.framework */ = {isa = PBXFileReference; explicitFileType = wrapper.framework; includeInIndex = 0; path = Pods_Batch4CommonPods_Batch4.framework; sourceTree = BUILT_PRODUCTS_DIR; };
		2D44C2E9173743D89A9FD2A2 /* OpenSans-Italic.ttf */ = {isa = PBXFileReference; explicitFileType = undefined; fileEncoding = undefined; includeInIndex = 0; lastKnownFileType = unknown; name = "OpenSans-Italic.ttf"; path = "../src/assets/fonts/OpenSans-Italic.ttf"; sourceTree = "<group>"; };
		322B07022B1147479CEB0D8F /* Poppins-ExtraLight.ttf */ = {isa = PBXFileReference; explicitFileType = undefined; fileEncoding = undefined; includeInIndex = 0; lastKnownFileType = unknown; name = "Poppins-ExtraLight.ttf"; path = "../src/assets/fonts/Poppins-ExtraLight.ttf"; sourceTree = "<group>"; };
		38D519DDB57F4DFD8CB058B5 /* Poppins-Regular.ttf */ = {isa = PBXFileReference; explicitFileType = undefined; fileEncoding = undefined; includeInIndex = 0; lastKnownFileType = unknown; name = "Poppins-Regular.ttf"; path = "../src/assets/fonts/Poppins-Regular.ttf"; sourceTree = "<group>"; };
		3B4392A12AC88292D35C810B /* Pods-Batch4.debug.xcconfig */ = {isa = PBXFileReference; includeInIndex = 1; lastKnownFileType = text.xcconfig; name = "Pods-Batch4.debug.xcconfig"; path = "Target Support Files/Pods-Batch4/Pods-Batch4.debug.xcconfig"; sourceTree = "<group>"; };
		425341F1DAD3449C81E39442 /* Neris-BoldItalic.otf */ = {isa = PBXFileReference; explicitFileType = undefined; fileEncoding = undefined; includeInIndex = 0; lastKnownFileType = unknown; name = "Neris-BoldItalic.otf"; path = "../src/assets/fonts/Neris-BoldItalic.otf"; sourceTree = "<group>"; };
		43A01F2ABADD4E6781DC0065 /* OpenSans-ExtraBold.ttf */ = {isa = PBXFileReference; explicitFileType = undefined; fileEncoding = undefined; includeInIndex = 0; lastKnownFileType = unknown; name = "OpenSans-ExtraBold.ttf"; path = "../src/assets/fonts/OpenSans-ExtraBold.ttf"; sourceTree = "<group>"; };
		43E79FD50BD9451AAFB095C1 /* Montserrat-ExtraLight.ttf */ = {isa = PBXFileReference; explicitFileType = undefined; fileEncoding = undefined; includeInIndex = 0; lastKnownFileType = unknown; name = "Montserrat-ExtraLight.ttf"; path = "../src/assets/fonts/Montserrat-ExtraLight.ttf"; sourceTree = "<group>"; };
		4566265207264391B0947CE0 /* Poppins-ExtraBoldItalic.ttf */ = {isa = PBXFileReference; explicitFileType = undefined; fileEncoding = undefined; includeInIndex = 0; lastKnownFileType = unknown; name = "Poppins-ExtraBoldItalic.ttf"; path = "../src/assets/fonts/Poppins-ExtraBoldItalic.ttf"; sourceTree = "<group>"; };
		49A74008B7F2A0552078BB88 /* Pods-Batch4CommonPods-Batch4.release.xcconfig */ = {isa = PBXFileReference; includeInIndex = 1; lastKnownFileType = text.xcconfig; name = "Pods-Batch4CommonPods-Batch4.release.xcconfig"; path = "Target Support Files/Pods-Batch4CommonPods-Batch4/Pods-Batch4CommonPods-Batch4.release.xcconfig"; sourceTree = "<group>"; };
		541594E7FAE2480CAC045101 /* Montserrat-Bold.ttf */ = {isa = PBXFileReference; explicitFileType = undefined; fileEncoding = undefined; includeInIndex = 0; lastKnownFileType = unknown; name = "Montserrat-Bold.ttf"; path = "../src/assets/fonts/Montserrat-Bold.ttf"; sourceTree = "<group>"; };
		5709B34CF0A7D63546082F79 /* Pods-Batch4.release.xcconfig */ = {isa = PBXFileReference; includeInIndex = 1; lastKnownFileType = text.xcconfig; name = "Pods-Batch4.release.xcconfig"; path = "Target Support Files/Pods-Batch4/Pods-Batch4.release.xcconfig"; sourceTree = "<group>"; };
		5B7EB9410499542E8C5724F5 /* Pods-Batch4-Batch4Tests.debug.xcconfig */ = {isa = PBXFileReference; includeInIndex = 1; lastKnownFileType = text.xcconfig; name = "Pods-Batch4-Batch4Tests.debug.xcconfig"; path = "Target Support Files/Pods-Batch4-Batch4Tests/Pods-Batch4-Batch4Tests.debug.xcconfig"; sourceTree = "<group>"; };
		5DB23639896C4202A37E5523 /* Montserrat-SemiBold.ttf */ = {isa = PBXFileReference; explicitFileType = undefined; fileEncoding = undefined; includeInIndex = 0; lastKnownFileType = unknown; name = "Montserrat-SemiBold.ttf"; path = "../src/assets/fonts/Montserrat-SemiBold.ttf"; sourceTree = "<group>"; };
		5E497380779E43EAAC0C3445 /* OpenSans-Bold.ttf */ = {isa = PBXFileReference; explicitFileType = undefined; fileEncoding = undefined; includeInIndex = 0; lastKnownFileType = unknown; name = "OpenSans-Bold.ttf"; path = "../src/assets/fonts/OpenSans-Bold.ttf"; sourceTree = "<group>"; };
		5FCF03EC7A1C4FF987B0BBC1 /* Neris-Thin.otf */ = {isa = PBXFileReference; explicitFileType = undefined; fileEncoding = undefined; includeInIndex = 0; lastKnownFileType = unknown; name = "Neris-Thin.otf"; path = "../src/assets/fonts/Neris-Thin.otf"; sourceTree = "<group>"; };
		60FC336E7F8A4F3D85A01447 /* OpenSans-LightItalic.ttf */ = {isa = PBXFileReference; explicitFileType = undefined; fileEncoding = undefined; includeInIndex = 0; lastKnownFileType = unknown; name = "OpenSans-LightItalic.ttf"; path = "../src/assets/fonts/OpenSans-LightItalic.ttf"; sourceTree = "<group>"; };
		6211C5020B4C4B919FB29CD8 /* Poppins-ExtraLightItalic.ttf */ = {isa = PBXFileReference; explicitFileType = undefined; fileEncoding = undefined; includeInIndex = 0; lastKnownFileType = unknown; name = "Poppins-ExtraLightItalic.ttf"; path = "../src/assets/fonts/Poppins-ExtraLightItalic.ttf"; sourceTree = "<group>"; };
		67162650D0264E7DB8B9576C /* Neris-ThinItalic.otf */ = {isa = PBXFileReference; explicitFileType = undefined; fileEncoding = undefined; includeInIndex = 0; lastKnownFileType = unknown; name = "Neris-ThinItalic.otf"; path = "../src/assets/fonts/Neris-ThinItalic.otf"; sourceTree = "<group>"; };
		69114AFE325D4D4B9EDDDA42 /* Montserrat-Black.ttf */ = {isa = PBXFileReference; explicitFileType = undefined; fileEncoding = undefined; includeInIndex = 0; lastKnownFileType = unknown; name = "Montserrat-Black.ttf"; path = "../src/assets/fonts/Montserrat-Black.ttf"; sourceTree = "<group>"; };
		6C17A17A48D7F26DD9FE3B10 /* Pods-Batch4CommonPods-Batch4Stg.debug.xcconfig */ = {isa = PBXFileReference; includeInIndex = 1; lastKnownFileType = text.xcconfig; name = "Pods-Batch4CommonPods-Batch4Stg.debug.xcconfig"; path = "Target Support Files/Pods-Batch4CommonPods-Batch4Stg/Pods-Batch4CommonPods-Batch4Stg.debug.xcconfig"; sourceTree = "<group>"; };
		72002DD1B811433BB3EE2A4D /* Pods-Batch4CommonPods-Batch4Stg.release.xcconfig */ = {isa = PBXFileReference; includeInIndex = 1; lastKnownFileType = text.xcconfig; name = "Pods-Batch4CommonPods-Batch4Stg.release.xcconfig"; path = "Target Support Files/Pods-Batch4CommonPods-Batch4Stg/Pods-Batch4CommonPods-Batch4Stg.release.xcconfig"; sourceTree = "<group>"; };
		73219DFF86D64A4FAB884492 /* Montserrat-LightItalic.ttf */ = {isa = PBXFileReference; explicitFileType = undefined; fileEncoding = undefined; includeInIndex = 0; lastKnownFileType = unknown; name = "Montserrat-LightItalic.ttf"; path = "../src/assets/fonts/Montserrat-LightItalic.ttf"; sourceTree = "<group>"; };
		74F26D08256B52ECCFFE74BA /* Pods-Batch4CommonPods-Batch4Dev.release.xcconfig */ = {isa = PBXFileReference; includeInIndex = 1; lastKnownFileType = text.xcconfig; name = "Pods-Batch4CommonPods-Batch4Dev.release.xcconfig"; path = "Target Support Files/Pods-Batch4CommonPods-Batch4Dev/Pods-Batch4CommonPods-Batch4Dev.release.xcconfig"; sourceTree = "<group>"; };
		800133C08E064DD39A5D6810 /* OpenSans-ExtraBoldItalic.ttf */ = {isa = PBXFileReference; explicitFileType = undefined; fileEncoding = undefined; includeInIndex = 0; lastKnownFileType = unknown; name = "OpenSans-ExtraBoldItalic.ttf"; path = "../src/assets/fonts/OpenSans-ExtraBoldItalic.ttf"; sourceTree = "<group>"; };
		81AB9BB72411601600AC10FF /* LaunchScreen.storyboard */ = {isa = PBXFileReference; fileEncoding = 4; lastKnownFileType = file.storyboard; name = LaunchScreen.storyboard; path = Batch4/LaunchScreen.storyboard; sourceTree = "<group>"; };
		8238EED6A2194B2EA29B7D50 /* OpenSans-CondLight.ttf */ = {isa = PBXFileReference; explicitFileType = undefined; fileEncoding = undefined; includeInIndex = 0; lastKnownFileType = unknown; name = "OpenSans-CondLight.ttf"; path = "../src/assets/fonts/OpenSans-CondLight.ttf"; sourceTree = "<group>"; };
		89C6BE57DB24E9ADA2F236DE /* Pods-Batch4-Batch4Tests.release.xcconfig */ = {isa = PBXFileReference; includeInIndex = 1; lastKnownFileType = text.xcconfig; name = "Pods-Batch4-Batch4Tests.release.xcconfig"; path = "Target Support Files/Pods-Batch4-Batch4Tests/Pods-Batch4-Batch4Tests.release.xcconfig"; sourceTree = "<group>"; };
		90242C789F299E3B1ED60F8F /* Pods-Batch4CommonPods-Batch4Tests.debug.xcconfig */ = {isa = PBXFileReference; includeInIndex = 1; lastKnownFileType = text.xcconfig; name = "Pods-Batch4CommonPods-Batch4Tests.debug.xcconfig"; path = "Target Support Files/Pods-Batch4CommonPods-Batch4Tests/Pods-Batch4CommonPods-Batch4Tests.debug.xcconfig"; sourceTree = "<group>"; };
		92C60C65EC714800940231B2 /* Montserrat-MediumItalic.ttf */ = {isa = PBXFileReference; explicitFileType = undefined; fileEncoding = undefined; includeInIndex = 0; lastKnownFileType = unknown; name = "Montserrat-MediumItalic.ttf"; path = "../src/assets/fonts/Montserrat-MediumItalic.ttf"; sourceTree = "<group>"; };
		966D7D4A97CF1805F69BDCF7 /* Pods_Batch4CommonPods_Batch4Dev.framework */ = {isa = PBXFileReference; explicitFileType = wrapper.framework; includeInIndex = 0; path = Pods_Batch4CommonPods_Batch4Dev.framework; sourceTree = BUILT_PRODUCTS_DIR; };
		9A0B65A62F874C4B95F34125 /* opensans-condbold-webfont.ttf */ = {isa = PBXFileReference; explicitFileType = undefined; fileEncoding = undefined; includeInIndex = 0; lastKnownFileType = unknown; name = "opensans-condbold-webfont.ttf"; path = "../src/assets/fonts/opensans-condbold-webfont.ttf"; sourceTree = "<group>"; };
		9AA58511F24347D8BE9835E6 /* Montserrat-Medium.ttf */ = {isa = PBXFileReference; explicitFileType = undefined; fileEncoding = undefined; includeInIndex = 0; lastKnownFileType = unknown; name = "Montserrat-Medium.ttf"; path = "../src/assets/fonts/Montserrat-Medium.ttf"; sourceTree = "<group>"; };
		9B845B270AD04508B69FC10F /* Poppins-ThinItalic.ttf */ = {isa = PBXFileReference; explicitFileType = undefined; fileEncoding = undefined; includeInIndex = 0; lastKnownFileType = unknown; name = "Poppins-ThinItalic.ttf"; path = "../src/assets/fonts/Poppins-ThinItalic.ttf"; sourceTree = "<group>"; };
		A12F365A4FFF1FE48E52B023 /* Pods_Batch4CommonPods_Batch4Tests.framework */ = {isa = PBXFileReference; explicitFileType = wrapper.framework; includeInIndex = 0; path = Pods_Batch4CommonPods_Batch4Tests.framework; sourceTree = BUILT_PRODUCTS_DIR; };
		A36D8C0E90F540D3B2E02BB5 /* Poppins-BlackItalic.ttf */ = {isa = PBXFileReference; explicitFileType = undefined; fileEncoding = undefined; includeInIndex = 0; lastKnownFileType = unknown; name = "Poppins-BlackItalic.ttf"; path = "../src/assets/fonts/Poppins-BlackItalic.ttf"; sourceTree = "<group>"; };
		A581B61BBF0022B1F4876DF4 /* Pods-Batch4CommonPods-Batch4Dev.debug.xcconfig */ = {isa = PBXFileReference; includeInIndex = 1; lastKnownFileType = text.xcconfig; name = "Pods-Batch4CommonPods-Batch4Dev.debug.xcconfig"; path = "Target Support Files/Pods-Batch4CommonPods-Batch4Dev/Pods-Batch4CommonPods-Batch4Dev.debug.xcconfig"; sourceTree = "<group>"; };
		A691D87E798D4A2093811A28 /* Poppins-Light.ttf */ = {isa = PBXFileReference; explicitFileType = undefined; fileEncoding = undefined; includeInIndex = 0; lastKnownFileType = unknown; name = "Poppins-Light.ttf"; path = "../src/assets/fonts/Poppins-Light.ttf"; sourceTree = "<group>"; };
		AC41172E51CA4CE3B93F1C8C /* Poppins-Thin.ttf */ = {isa = PBXFileReference; explicitFileType = undefined; fileEncoding = undefined; includeInIndex = 0; lastKnownFileType = unknown; name = "Poppins-Thin.ttf"; path = "../src/assets/fonts/Poppins-Thin.ttf"; sourceTree = "<group>"; };
		B04399298349419898310580 /* OpenSans-Regular.ttf */ = {isa = PBXFileReference; explicitFileType = undefined; fileEncoding = undefined; includeInIndex = 0; lastKnownFileType = unknown; name = "OpenSans-Regular.ttf"; path = "../src/assets/fonts/OpenSans-Regular.ttf"; sourceTree = "<group>"; };
		B5C8EAB3EDD24E4B9DD0EBDB /* Neris-Black.otf */ = {isa = PBXFileReference; explicitFileType = undefined; fileEncoding = undefined; includeInIndex = 0; lastKnownFileType = unknown; name = "Neris-Black.otf"; path = "../src/assets/fonts/Neris-Black.otf"; sourceTree = "<group>"; };
		BA7C82CF02F14C0D8139EF2F /* Montserrat-ExtraBold.ttf */ = {isa = PBXFileReference; explicitFileType = undefined; fileEncoding = undefined; includeInIndex = 0; lastKnownFileType = unknown; name = "Montserrat-ExtraBold.ttf"; path = "../src/assets/fonts/Montserrat-ExtraBold.ttf"; sourceTree = "<group>"; };
		BB223C97627D46D19BBE2526 /* Neris-Light.otf */ = {isa = PBXFileReference; explicitFileType = undefined; fileEncoding = undefined; includeInIndex = 0; lastKnownFileType = unknown; name = "Neris-Light.otf"; path = "../src/assets/fonts/Neris-Light.otf"; sourceTree = "<group>"; };
		BB67E2ACF9F54493B821FFA2 /* Schoolbell-pMMy.ttf */ = {isa = PBXFileReference; explicitFileType = undefined; fileEncoding = undefined; includeInIndex = 0; lastKnownFileType = unknown; name = "Schoolbell-pMMy.ttf"; path = "../src/assets/fonts/Schoolbell-pMMy.ttf"; sourceTree = "<group>"; };
		BE5B46A392A84ED5AB7C563B /* Montserrat-ExtraBoldItalic.ttf */ = {isa = PBXFileReference; explicitFileType = undefined; fileEncoding = undefined; includeInIndex = 0; lastKnownFileType = unknown; name = "Montserrat-ExtraBoldItalic.ttf"; path = "../src/assets/fonts/Montserrat-ExtraBoldItalic.ttf"; sourceTree = "<group>"; };
		BFE7F6EC0B3CE08D776626AE /* Pods-Batch4CommonPods-Batch4Tests.release.xcconfig */ = {isa = PBXFileReference; includeInIndex = 1; lastKnownFileType = text.xcconfig; name = "Pods-Batch4CommonPods-Batch4Tests.release.xcconfig"; path = "Target Support Files/Pods-Batch4CommonPods-Batch4Tests/Pods-Batch4CommonPods-Batch4Tests.release.xcconfig"; sourceTree = "<group>"; };
		CE66BC0D81A64C5EA45470C5 /* Poppins-Italic.ttf */ = {isa = PBXFileReference; explicitFileType = undefined; fileEncoding = undefined; includeInIndex = 0; lastKnownFileType = unknown; name = "Poppins-Italic.ttf"; path = "../src/assets/fonts/Poppins-Italic.ttf"; sourceTree = "<group>"; };
		D2D42E9295634BA2B4C0C9BA /* OpenSans-SemiboldItalic_0.ttf */ = {isa = PBXFileReference; explicitFileType = undefined; fileEncoding = undefined; includeInIndex = 0; lastKnownFileType = unknown; name = "OpenSans-SemiboldItalic_0.ttf"; path = "../src/assets/fonts/OpenSans-SemiboldItalic_0.ttf"; sourceTree = "<group>"; };
		D5BF54B88BC1478887281E4B /* OpenSans-Light.ttf */ = {isa = PBXFileReference; explicitFileType = undefined; fileEncoding = undefined; includeInIndex = 0; lastKnownFileType = unknown; name = "OpenSans-Light.ttf"; path = "../src/assets/fonts/OpenSans-Light.ttf"; sourceTree = "<group>"; };
		D64AA6C4BB394570B9553AB8 /* OpenSans-BoldItalic.ttf */ = {isa = PBXFileReference; explicitFileType = undefined; fileEncoding = undefined; includeInIndex = 0; lastKnownFileType = unknown; name = "OpenSans-BoldItalic.ttf"; path = "../src/assets/fonts/OpenSans-BoldItalic.ttf"; sourceTree = "<group>"; };
		D748602FDC694255AE063E12 /* Poppins-Medium.ttf */ = {isa = PBXFileReference; explicitFileType = undefined; fileEncoding = undefined; includeInIndex = 0; lastKnownFileType = unknown; name = "Poppins-Medium.ttf"; path = "../src/assets/fonts/Poppins-Medium.ttf"; sourceTree = "<group>"; };
		D8220A0821B84428B26F334A /* Montserrat-Thin.ttf */ = {isa = PBXFileReference; explicitFileType = undefined; fileEncoding = undefined; includeInIndex = 0; lastKnownFileType = unknown; name = "Montserrat-Thin.ttf"; path = "../src/assets/fonts/Montserrat-Thin.ttf"; sourceTree = "<group>"; };
		E281A5218E1740C2B602943A /* Neris-BlackItalic.otf */ = {isa = PBXFileReference; explicitFileType = undefined; fileEncoding = undefined; includeInIndex = 0; lastKnownFileType = unknown; name = "Neris-BlackItalic.otf"; path = "../src/assets/fonts/Neris-BlackItalic.otf"; sourceTree = "<group>"; };
		E46F5A6CE9FA4B45A84BB81D /* Poppins-ExtraBold.ttf */ = {isa = PBXFileReference; explicitFileType = undefined; fileEncoding = undefined; includeInIndex = 0; lastKnownFileType = unknown; name = "Poppins-ExtraBold.ttf"; path = "../src/assets/fonts/Poppins-ExtraBold.ttf"; sourceTree = "<group>"; };
		E4F47AC3CFD34B50A693E96A /* Montserrat-SemiBoldItalic.ttf */ = {isa = PBXFileReference; explicitFileType = undefined; fileEncoding = undefined; includeInIndex = 0; lastKnownFileType = unknown; name = "Montserrat-SemiBoldItalic.ttf"; path = "../src/assets/fonts/Montserrat-SemiBoldItalic.ttf"; sourceTree = "<group>"; };
		E9166C66D4B9421E8838343D /* OpenSans-Semibold.ttf */ = {isa = PBXFileReference; explicitFileType = undefined; fileEncoding = undefined; includeInIndex = 0; lastKnownFileType = unknown; name = "OpenSans-Semibold.ttf"; path = "../src/assets/fonts/OpenSans-Semibold.ttf"; sourceTree = "<group>"; };
		EA74720997BB4B20A00CCE70 /* Montserrat-Italic.ttf */ = {isa = PBXFileReference; explicitFileType = undefined; fileEncoding = undefined; includeInIndex = 0; lastKnownFileType = unknown; name = "Montserrat-Italic.ttf"; path = "../src/assets/fonts/Montserrat-Italic.ttf"; sourceTree = "<group>"; };
		ED297162215061F000B7C4FE /* JavaScriptCore.framework */ = {isa = PBXFileReference; lastKnownFileType = wrapper.framework; name = JavaScriptCore.framework; path = System/Library/Frameworks/JavaScriptCore.framework; sourceTree = SDKROOT; };
		EEE42CC0BAF54D9284C9F08C /* Montserrat-Light.ttf */ = {isa = PBXFileReference; explicitFileType = undefined; fileEncoding = undefined; includeInIndex = 0; lastKnownFileType = unknown; name = "Montserrat-Light.ttf"; path = "../src/assets/fonts/Montserrat-Light.ttf"; sourceTree = "<group>"; };
		EF31E6BA2A024A24AAD029BD /* Karbon.ttf */ = {isa = PBXFileReference; explicitFileType = undefined; fileEncoding = undefined; includeInIndex = 0; lastKnownFileType = unknown; name = Karbon.ttf; path = ../src/assets/fonts/Karbon.ttf; sourceTree = "<group>"; };
		F093AC39691B40F787448C8D /* Poppins-MediumItalic.ttf */ = {isa = PBXFileReference; explicitFileType = undefined; fileEncoding = undefined; includeInIndex = 0; lastKnownFileType = unknown; name = "Poppins-MediumItalic.ttf"; path = "../src/assets/fonts/Poppins-MediumItalic.ttf"; sourceTree = "<group>"; };
		F14E3A99B9794F028ADF2006 /* Poppins-SemiBold.ttf */ = {isa = PBXFileReference; explicitFileType = undefined; fileEncoding = undefined; includeInIndex = 0; lastKnownFileType = unknown; name = "Poppins-SemiBold.ttf"; path = "../src/assets/fonts/Poppins-SemiBold.ttf"; sourceTree = "<group>"; };
		F83AE0F73F69A307BE1E8873 /* Pods-Batch4CommonPods-Batch4.debug.xcconfig */ = {isa = PBXFileReference; includeInIndex = 1; lastKnownFileType = text.xcconfig; name = "Pods-Batch4CommonPods-Batch4.debug.xcconfig"; path = "Target Support Files/Pods-Batch4CommonPods-Batch4/Pods-Batch4CommonPods-Batch4.debug.xcconfig"; sourceTree = "<group>"; };
		FC5DD2F97BB047AD988D8EED /* Poppins-SemiBoldItalic.ttf */ = {isa = PBXFileReference; explicitFileType = undefined; fileEncoding = undefined; includeInIndex = 0; lastKnownFileType = unknown; name = "Poppins-SemiBoldItalic.ttf"; path = "../src/assets/fonts/Poppins-SemiBoldItalic.ttf"; sourceTree = "<group>"; };
/* End PBXFileReference section */

/* Begin PBXFrameworksBuildPhase section */
		00E356EB1AD99517003FC87E /* Frameworks */ = {
			isa = PBXFrameworksBuildPhase;
			buildActionMask = 2147483647;
			files = (
				35AB9C56840FF934F52DCAFB /* Pods_Batch4CommonPods_Batch4Tests.framework in Frameworks */,
			);
			runOnlyForDeploymentPostprocessing = 0;
		};
		047E34772B221707002309C0 /* Frameworks */ = {
			isa = PBXFrameworksBuildPhase;
			buildActionMask = 2147483647;
			files = (
				4F807BD8932EECE5D4AD3706 /* Pods_Batch4CommonPods_Batch4Dev.framework in Frameworks */,
			);
			runOnlyForDeploymentPostprocessing = 0;
		};
		047E348E2B22170C002309C0 /* Frameworks */ = {
			isa = PBXFrameworksBuildPhase;
			buildActionMask = 2147483647;
			files = (
				C1E590FFE4BB6ED7C615479E /* Pods_Batch4CommonPods_Batch4Stg.framework in Frameworks */,
			);
			runOnlyForDeploymentPostprocessing = 0;
		};
		13B07F8C1A680F5B00A75B9A /* Frameworks */ = {
			isa = PBXFrameworksBuildPhase;
			buildActionMask = 2147483647;
			files = (
				AA581E256DFDEF58BA5E0D73 /* Pods_Batch4CommonPods_Batch4.framework in Frameworks */,
			);
			runOnlyForDeploymentPostprocessing = 0;
		};
/* End PBXFrameworksBuildPhase section */

/* Begin PBXGroup section */
		00E356EF1AD99517003FC87E /* Batch4Tests */ = {
			isa = PBXGroup;
			children = (
				00E356F21AD99517003FC87E /* Batch4Tests.m */,
				00E356F01AD99517003FC87E /* Supporting Files */,
			);
			path = Batch4Tests;
			sourceTree = "<group>";
		};
		00E356F01AD99517003FC87E /* Supporting Files */ = {
			isa = PBXGroup;
			children = (
				00E356F11AD99517003FC87E /* Info.plist */,
			);
			name = "Supporting Files";
			sourceTree = "<group>";
		};
		13B07FAE1A68108700A75B9A /* Batch4 */ = {
			isa = PBXGroup;
			children = (
				04D6D8FD2B17901D001B4189 /* Batch4.entitlements */,
				13B07FAF1A68108700A75B9A /* AppDelegate.h */,
				13B07FB01A68108700A75B9A /* AppDelegate.mm */,
				04EDD1CA2AFD2EBB00587554 /* GoogleService-Info.plist */,
				13B07FB51A68108700A75B9A /* Images.xcassets */,
				04F1737C2B1F988000D06EAE /* fitness-icon-png-286.png */,
				13B07FB61A68108700A75B9A /* Info.plist */,
				81AB9BB72411601600AC10FF /* LaunchScreen.storyboard */,
				13B07FB71A68108700A75B9A /* main.m */,
			);
			name = Batch4;
			sourceTree = "<group>";
		};
		2D16E6871FA4F8E400B85C8A /* Frameworks */ = {
			isa = PBXGroup;
			children = (
				ED297162215061F000B7C4FE /* JavaScriptCore.framework */,
				2D03DFB45ED23F340DDC3F47 /* Pods_Batch4CommonPods_Batch4.framework */,
				966D7D4A97CF1805F69BDCF7 /* Pods_Batch4CommonPods_Batch4Dev.framework */,
				29ED30FA4C09EC829AB30125 /* Pods_Batch4CommonPods_Batch4Stg.framework */,
				A12F365A4FFF1FE48E52B023 /* Pods_Batch4CommonPods_Batch4Tests.framework */,
			);
			name = Frameworks;
			sourceTree = "<group>";
		};
		832341AE1AAA6A7D00B99B32 /* Libraries */ = {
			isa = PBXGroup;
			children = (
			);
			name = Libraries;
			sourceTree = "<group>";
		};
		83CBB9F61A601CBA00E9B192 = {
			isa = PBXGroup;
			children = (
				13B07FAE1A68108700A75B9A /* Batch4 */,
				832341AE1AAA6A7D00B99B32 /* Libraries */,
				00E356EF1AD99517003FC87E /* Batch4Tests */,
				83CBBA001A601CBA00E9B192 /* Products */,
				2D16E6871FA4F8E400B85C8A /* Frameworks */,
				BBD78D7AC51CEA395F1C20DB /* Pods */,
				047E34872B221708002309C0 /* Batch4Dev-Info.plist */,
				047E349E2B22170D002309C0 /* Batch4Stg-Info.plist */,
				EF2A51D372EF459DBF65008E /* Resources */,
			);
			indentWidth = 2;
			sourceTree = "<group>";
			tabWidth = 2;
			usesTabs = 0;
		};
		83CBBA001A601CBA00E9B192 /* Products */ = {
			isa = PBXGroup;
			children = (
				13B07F961A680F5B00A75B9A /* Batch4.app */,
				00E356EE1AD99517003FC87E /* Batch4Tests.xctest */,
				047E34862B221707002309C0 /* Batch4Dev.app */,
				047E349D2B22170C002309C0 /* Batch4Stg.app */,
			);
			name = Products;
			sourceTree = "<group>";
		};
		BBD78D7AC51CEA395F1C20DB /* Pods */ = {
			isa = PBXGroup;
			children = (
				3B4392A12AC88292D35C810B /* Pods-Batch4.debug.xcconfig */,
				5709B34CF0A7D63546082F79 /* Pods-Batch4.release.xcconfig */,
				5B7EB9410499542E8C5724F5 /* Pods-Batch4-Batch4Tests.debug.xcconfig */,
				89C6BE57DB24E9ADA2F236DE /* Pods-Batch4-Batch4Tests.release.xcconfig */,
				F83AE0F73F69A307BE1E8873 /* Pods-Batch4CommonPods-Batch4.debug.xcconfig */,
				49A74008B7F2A0552078BB88 /* Pods-Batch4CommonPods-Batch4.release.xcconfig */,
				A581B61BBF0022B1F4876DF4 /* Pods-Batch4CommonPods-Batch4Dev.debug.xcconfig */,
				74F26D08256B52ECCFFE74BA /* Pods-Batch4CommonPods-Batch4Dev.release.xcconfig */,
				6C17A17A48D7F26DD9FE3B10 /* Pods-Batch4CommonPods-Batch4Stg.debug.xcconfig */,
				72002DD1B811433BB3EE2A4D /* Pods-Batch4CommonPods-Batch4Stg.release.xcconfig */,
				90242C789F299E3B1ED60F8F /* Pods-Batch4CommonPods-Batch4Tests.debug.xcconfig */,
				BFE7F6EC0B3CE08D776626AE /* Pods-Batch4CommonPods-Batch4Tests.release.xcconfig */,
			);
			path = Pods;
			sourceTree = "<group>";
		};
		EF2A51D372EF459DBF65008E /* Resources */ = {
			isa = PBXGroup;
			children = (
				B5C8EAB3EDD24E4B9DD0EBDB /* Neris-Black.otf */,
				E281A5218E1740C2B602943A /* Neris-BlackItalic.otf */,
				425341F1DAD3449C81E39442 /* Neris-BoldItalic.otf */,
				BB223C97627D46D19BBE2526 /* Neris-Light.otf */,
				2B46CF05F6564255BC45BBAC /* Neris-LightItalic.otf */,
				0F0E4E4311B64285BABA91A7 /* Neris-SemiBold.otf */,
				0174CE2D55234590BDBD79F6 /* Neris-SemiBoldItalic.otf */,
				5FCF03EC7A1C4FF987B0BBC1 /* Neris-Thin.otf */,
				67162650D0264E7DB8B9576C /* Neris-ThinItalic.otf */,
				EF31E6BA2A024A24AAD029BD /* Karbon.ttf */,
				69114AFE325D4D4B9EDDDA42 /* Montserrat-Black.ttf */,
				23CE4E3628D747909A2B10E7 /* Montserrat-BlackItalic.ttf */,
				541594E7FAE2480CAC045101 /* Montserrat-Bold.ttf */,
				12CEFFFE866B431AA12B385A /* Montserrat-BoldItalic.ttf */,
				BA7C82CF02F14C0D8139EF2F /* Montserrat-ExtraBold.ttf */,
				BE5B46A392A84ED5AB7C563B /* Montserrat-ExtraBoldItalic.ttf */,
				43E79FD50BD9451AAFB095C1 /* Montserrat-ExtraLight.ttf */,
				0E927424F4BB4E5C81604F9D /* Montserrat-ExtraLightItalic.ttf */,
				EA74720997BB4B20A00CCE70 /* Montserrat-Italic.ttf */,
				EEE42CC0BAF54D9284C9F08C /* Montserrat-Light.ttf */,
				73219DFF86D64A4FAB884492 /* Montserrat-LightItalic.ttf */,
				9AA58511F24347D8BE9835E6 /* Montserrat-Medium.ttf */,
				92C60C65EC714800940231B2 /* Montserrat-MediumItalic.ttf */,
				26F641EC4ACC4920BCE1DD71 /* Montserrat-Regular.ttf */,
				5DB23639896C4202A37E5523 /* Montserrat-SemiBold.ttf */,
				E4F47AC3CFD34B50A693E96A /* Montserrat-SemiBoldItalic.ttf */,
				D8220A0821B84428B26F334A /* Montserrat-Thin.ttf */,
				2CA9C2515F724A78996A1618 /* Montserrat-ThinItalic.ttf */,
				5E497380779E43EAAC0C3445 /* OpenSans-Bold.ttf */,
				D64AA6C4BB394570B9553AB8 /* OpenSans-BoldItalic.ttf */,
				8238EED6A2194B2EA29B7D50 /* OpenSans-CondLight.ttf */,
				43A01F2ABADD4E6781DC0065 /* OpenSans-ExtraBold.ttf */,
				800133C08E064DD39A5D6810 /* OpenSans-ExtraBoldItalic.ttf */,
				2D44C2E9173743D89A9FD2A2 /* OpenSans-Italic.ttf */,
				D5BF54B88BC1478887281E4B /* OpenSans-Light.ttf */,
				60FC336E7F8A4F3D85A01447 /* OpenSans-LightItalic.ttf */,
				B04399298349419898310580 /* OpenSans-Regular.ttf */,
				E9166C66D4B9421E8838343D /* OpenSans-Semibold.ttf */,
				D2D42E9295634BA2B4C0C9BA /* OpenSans-SemiboldItalic_0.ttf */,
				0052CBB9E5BA4F36B7D00D84 /* Poppins-Black.ttf */,
				A36D8C0E90F540D3B2E02BB5 /* Poppins-BlackItalic.ttf */,
				0000EEDEA5214583ACCA6A00 /* Poppins-Bold.ttf */,
				08E13C1458634489BE55F267 /* Poppins-BoldItalic.ttf */,
				E46F5A6CE9FA4B45A84BB81D /* Poppins-ExtraBold.ttf */,
				4566265207264391B0947CE0 /* Poppins-ExtraBoldItalic.ttf */,
				322B07022B1147479CEB0D8F /* Poppins-ExtraLight.ttf */,
				6211C5020B4C4B919FB29CD8 /* Poppins-ExtraLightItalic.ttf */,
				CE66BC0D81A64C5EA45470C5 /* Poppins-Italic.ttf */,
				A691D87E798D4A2093811A28 /* Poppins-Light.ttf */,
				2BEF29AE523B4D61A962C592 /* Poppins-LightItalic.ttf */,
				D748602FDC694255AE063E12 /* Poppins-Medium.ttf */,
				F093AC39691B40F787448C8D /* Poppins-MediumItalic.ttf */,
				38D519DDB57F4DFD8CB058B5 /* Poppins-Regular.ttf */,
				F14E3A99B9794F028ADF2006 /* Poppins-SemiBold.ttf */,
				FC5DD2F97BB047AD988D8EED /* Poppins-SemiBoldItalic.ttf */,
				AC41172E51CA4CE3B93F1C8C /* Poppins-Thin.ttf */,
				9B845B270AD04508B69FC10F /* Poppins-ThinItalic.ttf */,
				BB67E2ACF9F54493B821FFA2 /* Schoolbell-pMMy.ttf */,
				9A0B65A62F874C4B95F34125 /* opensans-condbold-webfont.ttf */,
			);
			name = Resources;
			path = "";
			sourceTree = "<group>";
		};
/* End PBXGroup section */

/* Begin PBXNativeTarget section */
		00E356ED1AD99517003FC87E /* Batch4Tests */ = {
			isa = PBXNativeTarget;
			buildConfigurationList = 00E357021AD99517003FC87E /* Build configuration list for PBXNativeTarget "Batch4Tests" */;
			buildPhases = (
				A55EABD7B0C7F3A422A6CC61 /* [CP] Check Pods Manifest.lock */,
				00E356EA1AD99517003FC87E /* Sources */,
				00E356EB1AD99517003FC87E /* Frameworks */,
				00E356EC1AD99517003FC87E /* Resources */,
				F6A41C54EA430FDDC6A6ED99 /* [CP] Copy Pods Resources */,
				98E3FAAA5B38F876102BF821 /* [CP] Embed Pods Frameworks */,
			);
			buildRules = (
			);
			dependencies = (
				00E356F51AD99517003FC87E /* PBXTargetDependency */,
			);
			name = Batch4Tests;
			productName = Batch4Tests;
			productReference = 00E356EE1AD99517003FC87E /* Batch4Tests.xctest */;
			productType = "com.apple.product-type.bundle.unit-test";
		};
		047E34712B221707002309C0 /* Batch4Dev */ = {
			isa = PBXNativeTarget;
			buildConfigurationList = 047E34832B221707002309C0 /* Build configuration list for PBXNativeTarget "Batch4Dev" */;
			buildPhases = (
				047E34722B221707002309C0 /* [CP] Check Pods Manifest.lock */,
				047E34732B221707002309C0 /* Start Packager */,
				047E34742B221707002309C0 /* Sources */,
				047E34772B221707002309C0 /* Frameworks */,
				047E34792B221707002309C0 /* Resources */,
				047E347E2B221707002309C0 /* Bundle React Native code and images */,
				047E347F2B221707002309C0 /* [CP] Copy Pods Resources */,
				047E34822B221707002309C0 /* [CP] Embed Pods Frameworks */,
			);
			buildRules = (
			);
			dependencies = (
			);
			name = Batch4Dev;
			productName = Batch4;
			productReference = 047E34862B221707002309C0 /* Batch4Dev.app */;
			productType = "com.apple.product-type.application";
		};
		047E34882B22170C002309C0 /* Batch4Stg */ = {
			isa = PBXNativeTarget;
			buildConfigurationList = 047E349A2B22170C002309C0 /* Build configuration list for PBXNativeTarget "Batch4Stg" */;
			buildPhases = (
				047E34892B22170C002309C0 /* [CP] Check Pods Manifest.lock */,
				047E348A2B22170C002309C0 /* Start Packager */,
				047E348B2B22170C002309C0 /* Sources */,
				047E348E2B22170C002309C0 /* Frameworks */,
				047E34902B22170C002309C0 /* Resources */,
				047E34952B22170C002309C0 /* Bundle React Native code and images */,
				047E34962B22170C002309C0 /* [CP] Copy Pods Resources */,
				047E34992B22170C002309C0 /* [CP] Embed Pods Frameworks */,
			);
			buildRules = (
			);
			dependencies = (
			);
			name = Batch4Stg;
			productName = Batch4;
			productReference = 047E349D2B22170C002309C0 /* Batch4Stg.app */;
			productType = "com.apple.product-type.application";
		};
		13B07F861A680F5B00A75B9A /* Batch4 */ = {
			isa = PBXNativeTarget;
			buildConfigurationList = 13B07F931A680F5B00A75B9A /* Build configuration list for PBXNativeTarget "Batch4" */;
			buildPhases = (
				C38B50BA6285516D6DCD4F65 /* [CP] Check Pods Manifest.lock */,
				FD10A7F022414F080027D42C /* Start Packager */,
				13B07F871A680F5B00A75B9A /* Sources */,
				13B07F8C1A680F5B00A75B9A /* Frameworks */,
				13B07F8E1A680F5B00A75B9A /* Resources */,
				00DD1BFF1BD5951E006B06BC /* Bundle React Native code and images */,
				E235C05ADACE081382539298 /* [CP] Copy Pods Resources */,
				49B0B70D0D0F7B88431E4677 /* [CP] Embed Pods Frameworks */,
			);
			buildRules = (
			);
			dependencies = (
			);
			name = Batch4;
			productName = Batch4;
			productReference = 13B07F961A680F5B00A75B9A /* Batch4.app */;
			productType = "com.apple.product-type.application";
		};
/* End PBXNativeTarget section */

/* Begin PBXProject section */
		83CBB9F71A601CBA00E9B192 /* Project object */ = {
			isa = PBXProject;
			attributes = {
				LastUpgradeCheck = 1210;
				TargetAttributes = {
					00E356ED1AD99517003FC87E = {
						CreatedOnToolsVersion = 6.2;
						TestTargetID = 13B07F861A680F5B00A75B9A;
					};
					13B07F861A680F5B00A75B9A = {
						LastSwiftMigration = 1120;
					};
				};
			};
			buildConfigurationList = 83CBB9FA1A601CBA00E9B192 /* Build configuration list for PBXProject "Batch4" */;
			compatibilityVersion = "Xcode 12.0";
			developmentRegion = en;
			hasScannedForEncodings = 0;
			knownRegions = (
				en,
				Base,
			);
			mainGroup = 83CBB9F61A601CBA00E9B192;
			productRefGroup = 83CBBA001A601CBA00E9B192 /* Products */;
			projectDirPath = "";
			projectRoot = "";
			targets = (
				13B07F861A680F5B00A75B9A /* Batch4 */,
				047E34712B221707002309C0 /* Batch4Dev */,
				047E34882B22170C002309C0 /* Batch4Stg */,
				00E356ED1AD99517003FC87E /* Batch4Tests */,
			);
		};
/* End PBXProject section */

/* Begin PBXResourcesBuildPhase section */
		00E356EC1AD99517003FC87E /* Resources */ = {
			isa = PBXResourcesBuildPhase;
			buildActionMask = 2147483647;
			files = (
			);
			runOnlyForDeploymentPostprocessing = 0;
		};
		047E34792B221707002309C0 /* Resources */ = {
			isa = PBXResourcesBuildPhase;
			buildActionMask = 2147483647;
			files = (
				047E347A2B221707002309C0 /* fitness-icon-png-286.png in Resources */,
				047E347B2B221707002309C0 /* LaunchScreen.storyboard in Resources */,
				047E347C2B221707002309C0 /* Images.xcassets in Resources */,
				047E347D2B221707002309C0 /* GoogleService-Info.plist in Resources */,
			);
			runOnlyForDeploymentPostprocessing = 0;
		};
		047E34902B22170C002309C0 /* Resources */ = {
			isa = PBXResourcesBuildPhase;
			buildActionMask = 2147483647;
			files = (
				047E34912B22170C002309C0 /* fitness-icon-png-286.png in Resources */,
				047E34922B22170C002309C0 /* LaunchScreen.storyboard in Resources */,
				047E34932B22170C002309C0 /* Images.xcassets in Resources */,
				047E34942B22170C002309C0 /* GoogleService-Info.plist in Resources */,
			);
			runOnlyForDeploymentPostprocessing = 0;
		};
		13B07F8E1A680F5B00A75B9A /* Resources */ = {
			isa = PBXResourcesBuildPhase;
			buildActionMask = 2147483647;
			files = (
				04F1737D2B1F988000D06EAE /* fitness-icon-png-286.png in Resources */,
				81AB9BB82411601600AC10FF /* LaunchScreen.storyboard in Resources */,
				13B07FBF1A68108700A75B9A /* Images.xcassets in Resources */,
				04EDD1CB2AFD2EBB00587554 /* GoogleService-Info.plist in Resources */,
				D8F7B692D9334ACEAAE3781B /* Neris-Black.otf in Resources */,
				CB94CF303A764AFAB7BEF363 /* Neris-BlackItalic.otf in Resources */,
				46D4C96C3A554B64A43E2D77 /* Neris-BoldItalic.otf in Resources */,
				175FDFBAB846400F86960B6B /* Neris-Light.otf in Resources */,
				4B32B73EAD9B4F9F81C7D6DC /* Neris-LightItalic.otf in Resources */,
				13696F2EDFCF4C3A913A0518 /* Neris-SemiBold.otf in Resources */,
				0F710BA05C0A4445B6CDF116 /* Neris-SemiBoldItalic.otf in Resources */,
				91023F5427DA44038338FE93 /* Neris-Thin.otf in Resources */,
				B0391AE4CE52484EA3FBD2A8 /* Neris-ThinItalic.otf in Resources */,
				2BDBCB3123B9466FA71364A5 /* Karbon.ttf in Resources */,
				D5396D230CBB415DA8EEB3D6 /* Montserrat-Black.ttf in Resources */,
				2946CFF69F0B466DADD1816E /* Montserrat-BlackItalic.ttf in Resources */,
				C34052995198414F9BECD829 /* Montserrat-Bold.ttf in Resources */,
				769CDAD5D7A8427DBD6E9FC9 /* Montserrat-BoldItalic.ttf in Resources */,
				8071D30E99D6426EAC85486F /* Montserrat-ExtraBold.ttf in Resources */,
				93FD22DEE0E14730BF9583EB /* Montserrat-ExtraBoldItalic.ttf in Resources */,
				97DD0E1E99C24F2D8581F47C /* Montserrat-ExtraLight.ttf in Resources */,
				3AE7CBE08EEA4CC2B2D12598 /* Montserrat-ExtraLightItalic.ttf in Resources */,
				23D403F700DC478A9EBCA32D /* Montserrat-Italic.ttf in Resources */,
				912CC98E5D154C4BB1F9D32C /* Montserrat-Light.ttf in Resources */,
				EB79B607DD0543BD9FA6BDFE /* Montserrat-LightItalic.ttf in Resources */,
				E4A75BB76E134443AA0874CF /* Montserrat-Medium.ttf in Resources */,
				8E5014FE2789430A8E32E3A3 /* Montserrat-MediumItalic.ttf in Resources */,
				EC62CD29B89D44C691C8B253 /* Montserrat-Regular.ttf in Resources */,
				BD031681C53C480B909301FF /* Montserrat-SemiBold.ttf in Resources */,
				53ABDF1E74D0431687C5A0F3 /* Montserrat-SemiBoldItalic.ttf in Resources */,
				DB49DC6CA9434FBCB13BFF76 /* Montserrat-Thin.ttf in Resources */,
				754A7AF9D44E455893936455 /* Montserrat-ThinItalic.ttf in Resources */,
				D7EF9586ECE1461C96F731F9 /* OpenSans-Bold.ttf in Resources */,
				3008903E501949E4B59A25D9 /* OpenSans-BoldItalic.ttf in Resources */,
				7DD1425BBB2648C3BFBD072C /* OpenSans-CondLight.ttf in Resources */,
				A73698C3CEE64E4DBB5BAFB3 /* OpenSans-ExtraBold.ttf in Resources */,
				BA404C72F52E4A9791DE9EBD /* OpenSans-ExtraBoldItalic.ttf in Resources */,
				0EB5A7FF262C47B79240E812 /* OpenSans-Italic.ttf in Resources */,
				A5942640172C451794C75466 /* OpenSans-Light.ttf in Resources */,
				AD5756A342C54860BCB0E8D8 /* OpenSans-LightItalic.ttf in Resources */,
				31435BBD80464EC390776423 /* OpenSans-Regular.ttf in Resources */,
				38A54F7DBA6B42E49688014B /* OpenSans-Semibold.ttf in Resources */,
				0FD990AD8D954E67A5EFA5D3 /* OpenSans-SemiboldItalic_0.ttf in Resources */,
				1906092EF70242A3A628445D /* Poppins-Black.ttf in Resources */,
				9D7B1EA513804C29AE8BC956 /* Poppins-BlackItalic.ttf in Resources */,
				ED55AF6933DD4281A40D7CDE /* Poppins-Bold.ttf in Resources */,
				D35C7F5DA5EE4652B70BAD36 /* Poppins-BoldItalic.ttf in Resources */,
				A6911ED3B8F94571B4061A93 /* Poppins-ExtraBold.ttf in Resources */,
				38071E8C773C4A07B569D324 /* Poppins-ExtraBoldItalic.ttf in Resources */,
				E2FCEF1E47204D0F982A9741 /* Poppins-ExtraLight.ttf in Resources */,
				E2C4D2B12DFD4101BDD5B638 /* Poppins-ExtraLightItalic.ttf in Resources */,
				BD643993F64747B19A990491 /* Poppins-Italic.ttf in Resources */,
				94F068321C5F4DCE9FC9968C /* Poppins-Light.ttf in Resources */,
				505A8BC58A074871A0023A20 /* Poppins-LightItalic.ttf in Resources */,
				AA2F88193A7F4D8D8819890F /* Poppins-Medium.ttf in Resources */,
				35FB984FB65F410EA6E9C3E2 /* Poppins-MediumItalic.ttf in Resources */,
				7B61B0BA5EE5489E9E827DA4 /* Poppins-Regular.ttf in Resources */,
				3CB9BF5298344D0B88B17ADC /* Poppins-SemiBold.ttf in Resources */,
				991FA8DA68C64BA6B75E6F30 /* Poppins-SemiBoldItalic.ttf in Resources */,
				3E9FB8B490AE43858A1C5C90 /* Poppins-Thin.ttf in Resources */,
				08212EAD9274492399FAC38C /* Poppins-ThinItalic.ttf in Resources */,
				E7812FC943E74074AAC5B4E9 /* Schoolbell-pMMy.ttf in Resources */,
				5D58719941E541A485EFA76B /* opensans-condbold-webfont.ttf in Resources */,
			);
			runOnlyForDeploymentPostprocessing = 0;
		};
/* End PBXResourcesBuildPhase section */

/* Begin PBXShellScriptBuildPhase section */
		00DD1BFF1BD5951E006B06BC /* Bundle React Native code and images */ = {
			isa = PBXShellScriptBuildPhase;
			buildActionMask = 2147483647;
			files = (
			);
			inputPaths = (
				"$(SRCROOT)/.xcode.env.local",
				"$(SRCROOT)/.xcode.env",
			);
			name = "Bundle React Native code and images";
			outputPaths = (
			);
			runOnlyForDeploymentPostprocessing = 0;
			shellPath = /bin/sh;
			shellScript = "set -e\n\nWITH_ENVIRONMENT=\"../node_modules/react-native/scripts/xcode/with-environment.sh\"\nREACT_NATIVE_XCODE=\"../node_modules/react-native/scripts/react-native-xcode.sh\"\n\n/bin/sh -c \"$WITH_ENVIRONMENT $REACT_NATIVE_XCODE\"\n";
		};
		047E34722B221707002309C0 /* [CP] Check Pods Manifest.lock */ = {
			isa = PBXShellScriptBuildPhase;
			buildActionMask = 2147483647;
			files = (
			);
			inputFileListPaths = (
			);
			inputPaths = (
				"${PODS_PODFILE_DIR_PATH}/Podfile.lock",
				"${PODS_ROOT}/Manifest.lock",
			);
			name = "[CP] Check Pods Manifest.lock";
			outputFileListPaths = (
			);
			outputPaths = (
				"$(DERIVED_FILE_DIR)/Pods-Batch4CommonPods-Batch4Dev-checkManifestLockResult.txt",
			);
			runOnlyForDeploymentPostprocessing = 0;
			shellPath = /bin/sh;
			shellScript = "diff \"${PODS_PODFILE_DIR_PATH}/Podfile.lock\" \"${PODS_ROOT}/Manifest.lock\" > /dev/null\nif [ $? != 0 ] ; then\n    # print error to STDERR\n    echo \"error: The sandbox is not in sync with the Podfile.lock. Run 'pod install' or update your CocoaPods installation.\" >&2\n    exit 1\nfi\n# This output is used by Xcode 'outputs' to avoid re-running this script phase.\necho \"SUCCESS\" > \"${SCRIPT_OUTPUT_FILE_0}\"\n";
			showEnvVarsInLog = 0;
		};
		047E34732B221707002309C0 /* Start Packager */ = {
			isa = PBXShellScriptBuildPhase;
			buildActionMask = 2147483647;
			files = (
			);
			inputFileListPaths = (
			);
			inputPaths = (
			);
			name = "Start Packager";
			outputFileListPaths = (
			);
			outputPaths = (
			);
			runOnlyForDeploymentPostprocessing = 0;
			shellPath = /bin/sh;
			shellScript = "export RCT_METRO_PORT=\"${RCT_METRO_PORT:=8081}\"\necho \"export RCT_METRO_PORT=${RCT_METRO_PORT}\" > \"${SRCROOT}/../node_modules/react-native/scripts/.packager.env\"\nif [ -z \"${RCT_NO_LAUNCH_PACKAGER+xxx}\" ] ; then\n  if nc -w 5 -z localhost ${RCT_METRO_PORT} ; then\n    if ! curl -s \"http://localhost:${RCT_METRO_PORT}/status\" | grep -q \"packager-status:running\" ; then\n      echo \"Port ${RCT_METRO_PORT} already in use, packager is either not running or not running correctly\"\n      exit 2\n    fi\n  else\n    open \"$SRCROOT/../node_modules/react-native/scripts/launchPackager.command\" || echo \"Can't start packager automatically\"\n  fi\nfi\n";
			showEnvVarsInLog = 0;
		};
		047E347E2B221707002309C0 /* Bundle React Native code and images */ = {
			isa = PBXShellScriptBuildPhase;
			buildActionMask = 2147483647;
			files = (
			);
			inputPaths = (
				"$(SRCROOT)/.xcode.env.local",
				"$(SRCROOT)/.xcode.env",
			);
			name = "Bundle React Native code and images";
			outputPaths = (
			);
			runOnlyForDeploymentPostprocessing = 0;
			shellPath = /bin/sh;
			shellScript = "set -e\n\nWITH_ENVIRONMENT=\"../node_modules/react-native/scripts/xcode/with-environment.sh\"\nREACT_NATIVE_XCODE=\"../node_modules/react-native/scripts/react-native-xcode.sh\"\n\n/bin/sh -c \"$WITH_ENVIRONMENT $REACT_NATIVE_XCODE\"\n";
		};
		047E347F2B221707002309C0 /* [CP] Copy Pods Resources */ = {
			isa = PBXShellScriptBuildPhase;
			buildActionMask = 2147483647;
			files = (
			);
			inputFileListPaths = (
				"${PODS_ROOT}/Target Support Files/Pods-Batch4CommonPods-Batch4Dev/Pods-Batch4CommonPods-Batch4Dev-resources-${CONFIGURATION}-input-files.xcfilelist",
			);
			name = "[CP] Copy Pods Resources";
			outputFileListPaths = (
				"${PODS_ROOT}/Target Support Files/Pods-Batch4CommonPods-Batch4Dev/Pods-Batch4CommonPods-Batch4Dev-resources-${CONFIGURATION}-output-files.xcfilelist",
			);
			runOnlyForDeploymentPostprocessing = 0;
			shellPath = /bin/sh;
			shellScript = "\"${PODS_ROOT}/Target Support Files/Pods-Batch4CommonPods-Batch4Dev/Pods-Batch4CommonPods-Batch4Dev-resources.sh\"\n";
			showEnvVarsInLog = 0;
		};
		047E34822B221707002309C0 /* [CP] Embed Pods Frameworks */ = {
			isa = PBXShellScriptBuildPhase;
			buildActionMask = 2147483647;
			files = (
			);
			inputFileListPaths = (
				"${PODS_ROOT}/Target Support Files/Pods-Batch4CommonPods-Batch4Dev/Pods-Batch4CommonPods-Batch4Dev-frameworks-${CONFIGURATION}-input-files.xcfilelist",
			);
			name = "[CP] Embed Pods Frameworks";
			outputFileListPaths = (
				"${PODS_ROOT}/Target Support Files/Pods-Batch4CommonPods-Batch4Dev/Pods-Batch4CommonPods-Batch4Dev-frameworks-${CONFIGURATION}-output-files.xcfilelist",
			);
			runOnlyForDeploymentPostprocessing = 0;
			shellPath = /bin/sh;
			shellScript = "\"${PODS_ROOT}/Target Support Files/Pods-Batch4CommonPods-Batch4Dev/Pods-Batch4CommonPods-Batch4Dev-frameworks.sh\"\n";
			showEnvVarsInLog = 0;
		};
		047E34892B22170C002309C0 /* [CP] Check Pods Manifest.lock */ = {
			isa = PBXShellScriptBuildPhase;
			buildActionMask = 2147483647;
			files = (
			);
			inputFileListPaths = (
			);
			inputPaths = (
				"${PODS_PODFILE_DIR_PATH}/Podfile.lock",
				"${PODS_ROOT}/Manifest.lock",
			);
			name = "[CP] Check Pods Manifest.lock";
			outputFileListPaths = (
			);
			outputPaths = (
				"$(DERIVED_FILE_DIR)/Pods-Batch4CommonPods-Batch4Stg-checkManifestLockResult.txt",
			);
			runOnlyForDeploymentPostprocessing = 0;
			shellPath = /bin/sh;
			shellScript = "diff \"${PODS_PODFILE_DIR_PATH}/Podfile.lock\" \"${PODS_ROOT}/Manifest.lock\" > /dev/null\nif [ $? != 0 ] ; then\n    # print error to STDERR\n    echo \"error: The sandbox is not in sync with the Podfile.lock. Run 'pod install' or update your CocoaPods installation.\" >&2\n    exit 1\nfi\n# This output is used by Xcode 'outputs' to avoid re-running this script phase.\necho \"SUCCESS\" > \"${SCRIPT_OUTPUT_FILE_0}\"\n";
			showEnvVarsInLog = 0;
		};
		047E348A2B22170C002309C0 /* Start Packager */ = {
			isa = PBXShellScriptBuildPhase;
			buildActionMask = 2147483647;
			files = (
			);
			inputFileListPaths = (
			);
			inputPaths = (
			);
			name = "Start Packager";
			outputFileListPaths = (
			);
			outputPaths = (
			);
			runOnlyForDeploymentPostprocessing = 0;
			shellPath = /bin/sh;
			shellScript = "export RCT_METRO_PORT=\"${RCT_METRO_PORT:=8081}\"\necho \"export RCT_METRO_PORT=${RCT_METRO_PORT}\" > \"${SRCROOT}/../node_modules/react-native/scripts/.packager.env\"\nif [ -z \"${RCT_NO_LAUNCH_PACKAGER+xxx}\" ] ; then\n  if nc -w 5 -z localhost ${RCT_METRO_PORT} ; then\n    if ! curl -s \"http://localhost:${RCT_METRO_PORT}/status\" | grep -q \"packager-status:running\" ; then\n      echo \"Port ${RCT_METRO_PORT} already in use, packager is either not running or not running correctly\"\n      exit 2\n    fi\n  else\n    open \"$SRCROOT/../node_modules/react-native/scripts/launchPackager.command\" || echo \"Can't start packager automatically\"\n  fi\nfi\n";
			showEnvVarsInLog = 0;
		};
		047E34952B22170C002309C0 /* Bundle React Native code and images */ = {
			isa = PBXShellScriptBuildPhase;
			buildActionMask = 2147483647;
			files = (
			);
			inputPaths = (
				"$(SRCROOT)/.xcode.env.local",
				"$(SRCROOT)/.xcode.env",
			);
			name = "Bundle React Native code and images";
			outputPaths = (
			);
			runOnlyForDeploymentPostprocessing = 0;
			shellPath = /bin/sh;
			shellScript = "set -e\n\nWITH_ENVIRONMENT=\"../node_modules/react-native/scripts/xcode/with-environment.sh\"\nREACT_NATIVE_XCODE=\"../node_modules/react-native/scripts/react-native-xcode.sh\"\n\n/bin/sh -c \"$WITH_ENVIRONMENT $REACT_NATIVE_XCODE\"\n";
		};
		047E34962B22170C002309C0 /* [CP] Copy Pods Resources */ = {
			isa = PBXShellScriptBuildPhase;
			buildActionMask = 2147483647;
			files = (
			);
			inputFileListPaths = (
				"${PODS_ROOT}/Target Support Files/Pods-Batch4CommonPods-Batch4Stg/Pods-Batch4CommonPods-Batch4Stg-resources-${CONFIGURATION}-input-files.xcfilelist",
			);
			name = "[CP] Copy Pods Resources";
			outputFileListPaths = (
				"${PODS_ROOT}/Target Support Files/Pods-Batch4CommonPods-Batch4Stg/Pods-Batch4CommonPods-Batch4Stg-resources-${CONFIGURATION}-output-files.xcfilelist",
			);
			runOnlyForDeploymentPostprocessing = 0;
			shellPath = /bin/sh;
			shellScript = "\"${PODS_ROOT}/Target Support Files/Pods-Batch4CommonPods-Batch4Stg/Pods-Batch4CommonPods-Batch4Stg-resources.sh\"\n";
			showEnvVarsInLog = 0;
		};
		047E34992B22170C002309C0 /* [CP] Embed Pods Frameworks */ = {
			isa = PBXShellScriptBuildPhase;
			buildActionMask = 2147483647;
			files = (
			);
			inputFileListPaths = (
				"${PODS_ROOT}/Target Support Files/Pods-Batch4CommonPods-Batch4Stg/Pods-Batch4CommonPods-Batch4Stg-frameworks-${CONFIGURATION}-input-files.xcfilelist",
			);
			name = "[CP] Embed Pods Frameworks";
			outputFileListPaths = (
				"${PODS_ROOT}/Target Support Files/Pods-Batch4CommonPods-Batch4Stg/Pods-Batch4CommonPods-Batch4Stg-frameworks-${CONFIGURATION}-output-files.xcfilelist",
			);
			runOnlyForDeploymentPostprocessing = 0;
			shellPath = /bin/sh;
			shellScript = "\"${PODS_ROOT}/Target Support Files/Pods-Batch4CommonPods-Batch4Stg/Pods-Batch4CommonPods-Batch4Stg-frameworks.sh\"\n";
			showEnvVarsInLog = 0;
		};
		49B0B70D0D0F7B88431E4677 /* [CP] Embed Pods Frameworks */ = {
			isa = PBXShellScriptBuildPhase;
			buildActionMask = 2147483647;
			files = (
			);
			inputFileListPaths = (
				"${PODS_ROOT}/Target Support Files/Pods-Batch4CommonPods-Batch4/Pods-Batch4CommonPods-Batch4-frameworks-${CONFIGURATION}-input-files.xcfilelist",
			);
			name = "[CP] Embed Pods Frameworks";
			outputFileListPaths = (
				"${PODS_ROOT}/Target Support Files/Pods-Batch4CommonPods-Batch4/Pods-Batch4CommonPods-Batch4-frameworks-${CONFIGURATION}-output-files.xcfilelist",
			);
			runOnlyForDeploymentPostprocessing = 0;
			shellPath = /bin/sh;
			shellScript = "\"${PODS_ROOT}/Target Support Files/Pods-Batch4CommonPods-Batch4/Pods-Batch4CommonPods-Batch4-frameworks.sh\"\n";
			showEnvVarsInLog = 0;
		};
		98E3FAAA5B38F876102BF821 /* [CP] Embed Pods Frameworks */ = {
			isa = PBXShellScriptBuildPhase;
			buildActionMask = 2147483647;
			files = (
			);
			inputFileListPaths = (
				"${PODS_ROOT}/Target Support Files/Pods-Batch4CommonPods-Batch4Tests/Pods-Batch4CommonPods-Batch4Tests-frameworks-${CONFIGURATION}-input-files.xcfilelist",
			);
			name = "[CP] Embed Pods Frameworks";
			outputFileListPaths = (
				"${PODS_ROOT}/Target Support Files/Pods-Batch4CommonPods-Batch4Tests/Pods-Batch4CommonPods-Batch4Tests-frameworks-${CONFIGURATION}-output-files.xcfilelist",
			);
			runOnlyForDeploymentPostprocessing = 0;
			shellPath = /bin/sh;
			shellScript = "\"${PODS_ROOT}/Target Support Files/Pods-Batch4CommonPods-Batch4Tests/Pods-Batch4CommonPods-Batch4Tests-frameworks.sh\"\n";
			showEnvVarsInLog = 0;
		};
		A55EABD7B0C7F3A422A6CC61 /* [CP] Check Pods Manifest.lock */ = {
			isa = PBXShellScriptBuildPhase;
			buildActionMask = 2147483647;
			files = (
			);
			inputFileListPaths = (
			);
			inputPaths = (
				"${PODS_PODFILE_DIR_PATH}/Podfile.lock",
				"${PODS_ROOT}/Manifest.lock",
			);
			name = "[CP] Check Pods Manifest.lock";
			outputFileListPaths = (
			);
			outputPaths = (
				"$(DERIVED_FILE_DIR)/Pods-Batch4CommonPods-Batch4Tests-checkManifestLockResult.txt",
			);
			runOnlyForDeploymentPostprocessing = 0;
			shellPath = /bin/sh;
			shellScript = "diff \"${PODS_PODFILE_DIR_PATH}/Podfile.lock\" \"${PODS_ROOT}/Manifest.lock\" > /dev/null\nif [ $? != 0 ] ; then\n    # print error to STDERR\n    echo \"error: The sandbox is not in sync with the Podfile.lock. Run 'pod install' or update your CocoaPods installation.\" >&2\n    exit 1\nfi\n# This output is used by Xcode 'outputs' to avoid re-running this script phase.\necho \"SUCCESS\" > \"${SCRIPT_OUTPUT_FILE_0}\"\n";
			showEnvVarsInLog = 0;
		};
		C38B50BA6285516D6DCD4F65 /* [CP] Check Pods Manifest.lock */ = {
			isa = PBXShellScriptBuildPhase;
			buildActionMask = 2147483647;
			files = (
			);
			inputFileListPaths = (
			);
			inputPaths = (
				"${PODS_PODFILE_DIR_PATH}/Podfile.lock",
				"${PODS_ROOT}/Manifest.lock",
			);
			name = "[CP] Check Pods Manifest.lock";
			outputFileListPaths = (
			);
			outputPaths = (
				"$(DERIVED_FILE_DIR)/Pods-Batch4CommonPods-Batch4-checkManifestLockResult.txt",
			);
			runOnlyForDeploymentPostprocessing = 0;
			shellPath = /bin/sh;
			shellScript = "diff \"${PODS_PODFILE_DIR_PATH}/Podfile.lock\" \"${PODS_ROOT}/Manifest.lock\" > /dev/null\nif [ $? != 0 ] ; then\n    # print error to STDERR\n    echo \"error: The sandbox is not in sync with the Podfile.lock. Run 'pod install' or update your CocoaPods installation.\" >&2\n    exit 1\nfi\n# This output is used by Xcode 'outputs' to avoid re-running this script phase.\necho \"SUCCESS\" > \"${SCRIPT_OUTPUT_FILE_0}\"\n";
			showEnvVarsInLog = 0;
		};
		E235C05ADACE081382539298 /* [CP] Copy Pods Resources */ = {
			isa = PBXShellScriptBuildPhase;
			buildActionMask = 2147483647;
			files = (
			);
			inputFileListPaths = (
				"${PODS_ROOT}/Target Support Files/Pods-Batch4CommonPods-Batch4/Pods-Batch4CommonPods-Batch4-resources-${CONFIGURATION}-input-files.xcfilelist",
			);
			name = "[CP] Copy Pods Resources";
			outputFileListPaths = (
				"${PODS_ROOT}/Target Support Files/Pods-Batch4CommonPods-Batch4/Pods-Batch4CommonPods-Batch4-resources-${CONFIGURATION}-output-files.xcfilelist",
			);
			runOnlyForDeploymentPostprocessing = 0;
			shellPath = /bin/sh;
			shellScript = "\"${PODS_ROOT}/Target Support Files/Pods-Batch4CommonPods-Batch4/Pods-Batch4CommonPods-Batch4-resources.sh\"\n";
			showEnvVarsInLog = 0;
		};
		F6A41C54EA430FDDC6A6ED99 /* [CP] Copy Pods Resources */ = {
			isa = PBXShellScriptBuildPhase;
			buildActionMask = 2147483647;
			files = (
			);
			inputFileListPaths = (
				"${PODS_ROOT}/Target Support Files/Pods-Batch4CommonPods-Batch4Tests/Pods-Batch4CommonPods-Batch4Tests-resources-${CONFIGURATION}-input-files.xcfilelist",
			);
			name = "[CP] Copy Pods Resources";
			outputFileListPaths = (
				"${PODS_ROOT}/Target Support Files/Pods-Batch4CommonPods-Batch4Tests/Pods-Batch4CommonPods-Batch4Tests-resources-${CONFIGURATION}-output-files.xcfilelist",
			);
			runOnlyForDeploymentPostprocessing = 0;
			shellPath = /bin/sh;
			shellScript = "\"${PODS_ROOT}/Target Support Files/Pods-Batch4CommonPods-Batch4Tests/Pods-Batch4CommonPods-Batch4Tests-resources.sh\"\n";
			showEnvVarsInLog = 0;
		};
		FD10A7F022414F080027D42C /* Start Packager */ = {
			isa = PBXShellScriptBuildPhase;
			buildActionMask = 2147483647;
			files = (
			);
			inputFileListPaths = (
			);
			inputPaths = (
			);
			name = "Start Packager";
			outputFileListPaths = (
			);
			outputPaths = (
			);
			runOnlyForDeploymentPostprocessing = 0;
			shellPath = /bin/sh;
			shellScript = "export RCT_METRO_PORT=\"${RCT_METRO_PORT:=8081}\"\necho \"export RCT_METRO_PORT=${RCT_METRO_PORT}\" > \"${SRCROOT}/../node_modules/react-native/scripts/.packager.env\"\nif [ -z \"${RCT_NO_LAUNCH_PACKAGER+xxx}\" ] ; then\n  if nc -w 5 -z localhost ${RCT_METRO_PORT} ; then\n    if ! curl -s \"http://localhost:${RCT_METRO_PORT}/status\" | grep -q \"packager-status:running\" ; then\n      echo \"Port ${RCT_METRO_PORT} already in use, packager is either not running or not running correctly\"\n      exit 2\n    fi\n  else\n    open \"$SRCROOT/../node_modules/react-native/scripts/launchPackager.command\" || echo \"Can't start packager automatically\"\n  fi\nfi\n";
			showEnvVarsInLog = 0;
		};
/* End PBXShellScriptBuildPhase section */

/* Begin PBXSourcesBuildPhase section */
		00E356EA1AD99517003FC87E /* Sources */ = {
			isa = PBXSourcesBuildPhase;
			buildActionMask = 2147483647;
			files = (
				00E356F31AD99517003FC87E /* Batch4Tests.m in Sources */,
			);
			runOnlyForDeploymentPostprocessing = 0;
		};
		047E34742B221707002309C0 /* Sources */ = {
			isa = PBXSourcesBuildPhase;
			buildActionMask = 2147483647;
			files = (
				047E34752B221707002309C0 /* AppDelegate.mm in Sources */,
				047E34762B221707002309C0 /* main.m in Sources */,
			);
			runOnlyForDeploymentPostprocessing = 0;
		};
		047E348B2B22170C002309C0 /* Sources */ = {
			isa = PBXSourcesBuildPhase;
			buildActionMask = 2147483647;
			files = (
				047E348C2B22170C002309C0 /* AppDelegate.mm in Sources */,
				047E348D2B22170C002309C0 /* main.m in Sources */,
			);
			runOnlyForDeploymentPostprocessing = 0;
		};
		13B07F871A680F5B00A75B9A /* Sources */ = {
			isa = PBXSourcesBuildPhase;
			buildActionMask = 2147483647;
			files = (
				13B07FBC1A68108700A75B9A /* AppDelegate.mm in Sources */,
				13B07FC11A68108700A75B9A /* main.m in Sources */,
			);
			runOnlyForDeploymentPostprocessing = 0;
		};
/* End PBXSourcesBuildPhase section */

/* Begin PBXTargetDependency section */
		00E356F51AD99517003FC87E /* PBXTargetDependency */ = {
			isa = PBXTargetDependency;
			target = 13B07F861A680F5B00A75B9A /* Batch4 */;
			targetProxy = 00E356F41AD99517003FC87E /* PBXContainerItemProxy */;
		};
/* End PBXTargetDependency section */

/* Begin XCBuildConfiguration section */
		00E356F61AD99517003FC87E /* Debug */ = {
			isa = XCBuildConfiguration;
			baseConfigurationReference = 90242C789F299E3B1ED60F8F /* Pods-Batch4CommonPods-Batch4Tests.debug.xcconfig */;
			buildSettings = {
				BUNDLE_LOADER = "$(TEST_HOST)";
				GCC_PREPROCESSOR_DEFINITIONS = (
					"DEBUG=1",
					"$(inherited)",
				);
				INFOPLIST_FILE = Batch4Tests/Info.plist;
				IPHONEOS_DEPLOYMENT_TARGET = 12.4;
				LD_RUNPATH_SEARCH_PATHS = (
					"$(inherited)",
					"@executable_path/Frameworks",
					"@loader_path/Frameworks",
				);
				OTHER_LDFLAGS = (
					"-ObjC",
					"-lc++",
					"$(inherited)",
				);
				PRODUCT_BUNDLE_IDENTIFIER = "org.reactjs.native.example.$(PRODUCT_NAME:rfc1034identifier)";
				PRODUCT_NAME = "$(TARGET_NAME)";
				TEST_HOST = "$(BUILT_PRODUCTS_DIR)/Batch4.app/Batch4";
			};
			name = Debug;
		};
		00E356F71AD99517003FC87E /* Release */ = {
			isa = XCBuildConfiguration;
			baseConfigurationReference = BFE7F6EC0B3CE08D776626AE /* Pods-Batch4CommonPods-Batch4Tests.release.xcconfig */;
			buildSettings = {
				BUNDLE_LOADER = "$(TEST_HOST)";
				COPY_PHASE_STRIP = NO;
				INFOPLIST_FILE = Batch4Tests/Info.plist;
				IPHONEOS_DEPLOYMENT_TARGET = 12.4;
				LD_RUNPATH_SEARCH_PATHS = (
					"$(inherited)",
					"@executable_path/Frameworks",
					"@loader_path/Frameworks",
				);
				OTHER_LDFLAGS = (
					"-ObjC",
					"-lc++",
					"$(inherited)",
				);
				PRODUCT_BUNDLE_IDENTIFIER = "org.reactjs.native.example.$(PRODUCT_NAME:rfc1034identifier)";
				PRODUCT_NAME = "$(TARGET_NAME)";
				TEST_HOST = "$(BUILT_PRODUCTS_DIR)/Batch4.app/Batch4";
			};
			name = Release;
		};
		047E34842B221707002309C0 /* Debug */ = {
			isa = XCBuildConfiguration;
			baseConfigurationReference = A581B61BBF0022B1F4876DF4 /* Pods-Batch4CommonPods-Batch4Dev.debug.xcconfig */;
			buildSettings = {
				ASSETCATALOG_COMPILER_APPICON_NAME = AppIcon;
				CLANG_ENABLE_MODULES = YES;
				CODE_SIGN_ENTITLEMENTS = Batch4/Batch4.entitlements;
				CURRENT_PROJECT_VERSION = 1;
				ENABLE_BITCODE = NO;
				INFOPLIST_FILE = "Batch4Dev-Info.plist";
				INFOPLIST_KEY_CFBundleDisplayName = "Batch4 Dev";
				LD_RUNPATH_SEARCH_PATHS = (
					"$(inherited)",
					"@executable_path/Frameworks",
				);
				MARKETING_VERSION = 1.0;
				OTHER_LDFLAGS = (
					"$(inherited)",
					"-ObjC",
					"-lc++",
				);
				PRODUCT_BUNDLE_IDENTIFIER = com.itc.batch4.development;
				PRODUCT_NAME = "$(TARGET_NAME)";
				SWIFT_OPTIMIZATION_LEVEL = "-Onone";
				SWIFT_VERSION = 5.0;
				VERSIONING_SYSTEM = "apple-generic";
			};
			name = Debug;
		};
		047E34852B221707002309C0 /* Release */ = {
			isa = XCBuildConfiguration;
			baseConfigurationReference = 74F26D08256B52ECCFFE74BA /* Pods-Batch4CommonPods-Batch4Dev.release.xcconfig */;
			buildSettings = {
				ASSETCATALOG_COMPILER_APPICON_NAME = AppIcon;
				CLANG_ENABLE_MODULES = YES;
				CODE_SIGN_ENTITLEMENTS = Batch4/Batch4.entitlements;
				CURRENT_PROJECT_VERSION = 1;
				INFOPLIST_FILE = "Batch4Dev-Info.plist";
				INFOPLIST_KEY_CFBundleDisplayName = "Batch4 Dev";
				LD_RUNPATH_SEARCH_PATHS = (
					"$(inherited)",
					"@executable_path/Frameworks",
				);
				MARKETING_VERSION = 1.0;
				OTHER_LDFLAGS = (
					"$(inherited)",
					"-ObjC",
					"-lc++",
				);
				PRODUCT_BUNDLE_IDENTIFIER = com.itc.batch4.development;
				PRODUCT_NAME = "$(TARGET_NAME)";
				SWIFT_VERSION = 5.0;
				VERSIONING_SYSTEM = "apple-generic";
			};
			name = Release;
		};
		047E349B2B22170C002309C0 /* Debug */ = {
			isa = XCBuildConfiguration;
			baseConfigurationReference = 6C17A17A48D7F26DD9FE3B10 /* Pods-Batch4CommonPods-Batch4Stg.debug.xcconfig */;
			buildSettings = {
				ASSETCATALOG_COMPILER_APPICON_NAME = AppIcon;
				CLANG_ENABLE_MODULES = YES;
				CODE_SIGN_ENTITLEMENTS = Batch4/Batch4.entitlements;
				CURRENT_PROJECT_VERSION = 1;
				ENABLE_BITCODE = NO;
				INFOPLIST_FILE = "Batch4Stg-Info.plist";
				INFOPLIST_KEY_CFBundleDisplayName = "Batch4 Stg";
				LD_RUNPATH_SEARCH_PATHS = (
					"$(inherited)",
					"@executable_path/Frameworks",
				);
				MARKETING_VERSION = 1.0;
				OTHER_LDFLAGS = (
					"$(inherited)",
					"-ObjC",
					"-lc++",
				);
				PRODUCT_BUNDLE_IDENTIFIER = com.itc.batch4.staging;
				PRODUCT_NAME = "$(TARGET_NAME)";
				SWIFT_OPTIMIZATION_LEVEL = "-Onone";
				SWIFT_VERSION = 5.0;
				VERSIONING_SYSTEM = "apple-generic";
			};
			name = Debug;
		};
		047E349C2B22170C002309C0 /* Release */ = {
			isa = XCBuildConfiguration;
			baseConfigurationReference = 72002DD1B811433BB3EE2A4D /* Pods-Batch4CommonPods-Batch4Stg.release.xcconfig */;
			buildSettings = {
				ASSETCATALOG_COMPILER_APPICON_NAME = AppIcon;
				CLANG_ENABLE_MODULES = YES;
				CODE_SIGN_ENTITLEMENTS = Batch4/Batch4.entitlements;
				CURRENT_PROJECT_VERSION = 1;
				INFOPLIST_FILE = "Batch4Stg-Info.plist";
				INFOPLIST_KEY_CFBundleDisplayName = "Batch4 Stg";
				LD_RUNPATH_SEARCH_PATHS = (
					"$(inherited)",
					"@executable_path/Frameworks",
				);
				MARKETING_VERSION = 1.0;
				OTHER_LDFLAGS = (
					"$(inherited)",
					"-ObjC",
					"-lc++",
				);
				PRODUCT_BUNDLE_IDENTIFIER = com.itc.batch4.staging;
				PRODUCT_NAME = "$(TARGET_NAME)";
				SWIFT_VERSION = 5.0;
				VERSIONING_SYSTEM = "apple-generic";
			};
			name = Release;
		};
		13B07F941A680F5B00A75B9A /* Debug */ = {
			isa = XCBuildConfiguration;
			baseConfigurationReference = F83AE0F73F69A307BE1E8873 /* Pods-Batch4CommonPods-Batch4.debug.xcconfig */;
			buildSettings = {
				ASSETCATALOG_COMPILER_APPICON_NAME = AppIcon;
				CLANG_ENABLE_MODULES = YES;
				CODE_SIGN_ENTITLEMENTS = Batch4/Batch4.entitlements;
				CURRENT_PROJECT_VERSION = 1;
				ENABLE_BITCODE = NO;
				INFOPLIST_FILE = Batch4/Info.plist;
				INFOPLIST_KEY_CFBundleDisplayName = Batch4;
				LD_RUNPATH_SEARCH_PATHS = (
					"$(inherited)",
					"@executable_path/Frameworks",
				);
				MARKETING_VERSION = 1.0;
				OTHER_LDFLAGS = (
					"$(inherited)",
					"-ObjC",
					"-lc++",
				);
				PRODUCT_BUNDLE_IDENTIFIER = com.itc.batch4;
				PRODUCT_NAME = Batch4;
				SWIFT_OPTIMIZATION_LEVEL = "-Onone";
				SWIFT_VERSION = 5.0;
				VERSIONING_SYSTEM = "apple-generic";
			};
			name = Debug;
		};
		13B07F951A680F5B00A75B9A /* Release */ = {
			isa = XCBuildConfiguration;
			baseConfigurationReference = 49A74008B7F2A0552078BB88 /* Pods-Batch4CommonPods-Batch4.release.xcconfig */;
			buildSettings = {
				ASSETCATALOG_COMPILER_APPICON_NAME = AppIcon;
				CLANG_ENABLE_MODULES = YES;
				CODE_SIGN_ENTITLEMENTS = Batch4/Batch4.entitlements;
				CURRENT_PROJECT_VERSION = 1;
				INFOPLIST_FILE = Batch4/Info.plist;
				INFOPLIST_KEY_CFBundleDisplayName = Batch4;
				LD_RUNPATH_SEARCH_PATHS = (
					"$(inherited)",
					"@executable_path/Frameworks",
				);
				MARKETING_VERSION = 1.0;
				OTHER_LDFLAGS = (
					"$(inherited)",
					"-ObjC",
					"-lc++",
				);
				PRODUCT_BUNDLE_IDENTIFIER = com.itc.batch4;
				PRODUCT_NAME = Batch4;
				SWIFT_VERSION = 5.0;
				VERSIONING_SYSTEM = "apple-generic";
			};
			name = Release;
		};
		83CBBA201A601CBA00E9B192 /* Debug */ = {
			isa = XCBuildConfiguration;
			buildSettings = {
				ALWAYS_SEARCH_USER_PATHS = NO;
				CLANG_ANALYZER_LOCALIZABILITY_NONLOCALIZED = YES;
				CLANG_CXX_LANGUAGE_STANDARD = "c++17";
				CLANG_CXX_LIBRARY = "libc++";
				CLANG_ENABLE_MODULES = YES;
				CLANG_ENABLE_OBJC_ARC = YES;
				CLANG_WARN_BLOCK_CAPTURE_AUTORELEASING = YES;
				CLANG_WARN_BOOL_CONVERSION = YES;
				CLANG_WARN_COMMA = YES;
				CLANG_WARN_CONSTANT_CONVERSION = YES;
				CLANG_WARN_DEPRECATED_OBJC_IMPLEMENTATIONS = YES;
				CLANG_WARN_DIRECT_OBJC_ISA_USAGE = YES_ERROR;
				CLANG_WARN_EMPTY_BODY = YES;
				CLANG_WARN_ENUM_CONVERSION = YES;
				CLANG_WARN_INFINITE_RECURSION = YES;
				CLANG_WARN_INT_CONVERSION = YES;
				CLANG_WARN_NON_LITERAL_NULL_CONVERSION = YES;
				CLANG_WARN_OBJC_IMPLICIT_RETAIN_SELF = YES;
				CLANG_WARN_OBJC_LITERAL_CONVERSION = YES;
				CLANG_WARN_OBJC_ROOT_CLASS = YES_ERROR;
				CLANG_WARN_QUOTED_INCLUDE_IN_FRAMEWORK_HEADER = YES;
				CLANG_WARN_RANGE_LOOP_ANALYSIS = YES;
				CLANG_WARN_STRICT_PROTOTYPES = YES;
				CLANG_WARN_SUSPICIOUS_MOVE = YES;
				CLANG_WARN_UNREACHABLE_CODE = YES;
				CLANG_WARN__DUPLICATE_METHOD_MATCH = YES;
				"CODE_SIGN_IDENTITY[sdk=iphoneos*]" = "iPhone Developer";
				COPY_PHASE_STRIP = NO;
				ENABLE_STRICT_OBJC_MSGSEND = YES;
				ENABLE_TESTABILITY = YES;
				"EXCLUDED_ARCHS[sdk=iphonesimulator*]" = "";
				GCC_C_LANGUAGE_STANDARD = gnu99;
				GCC_DYNAMIC_NO_PIC = NO;
				GCC_NO_COMMON_BLOCKS = YES;
				GCC_OPTIMIZATION_LEVEL = 0;
				GCC_PREPROCESSOR_DEFINITIONS = (
					"DEBUG=1",
					"$(inherited)",
					_LIBCPP_ENABLE_CXX17_REMOVED_UNARY_BINARY_FUNCTION,
				);
				GCC_SYMBOLS_PRIVATE_EXTERN = NO;
				GCC_WARN_64_TO_32_BIT_CONVERSION = YES;
				GCC_WARN_ABOUT_RETURN_TYPE = YES_ERROR;
				GCC_WARN_UNDECLARED_SELECTOR = YES;
				GCC_WARN_UNINITIALIZED_AUTOS = YES_AGGRESSIVE;
				GCC_WARN_UNUSED_FUNCTION = YES;
				GCC_WARN_UNUSED_VARIABLE = YES;
				HEADER_SEARCH_PATHS = (
					"$(inherited)",
					"${PODS_CONFIGURATION_BUILD_DIR}/ReactCommon-Samples/ReactCommon_Samples.framework/Headers",
					"${PODS_CONFIGURATION_BUILD_DIR}/ReactCommon/ReactCommon.framework/Headers/react/nativemodule/core",
					"${PODS_CONFIGURATION_BUILD_DIR}/ReactCommon-Samples/ReactCommon_Samples.framework/Headers/platform/ios",
					"${PODS_CONFIGURATION_BUILD_DIR}/React-NativeModulesApple/React_NativeModulesApple.framework/Headers",
					"${PODS_CONFIGURATION_BUILD_DIR}/React-graphics/React_graphics.framework/Headers/react/renderer/graphics/platform/ios",
				);
				IPHONEOS_DEPLOYMENT_TARGET = 12.4;
				LD_RUNPATH_SEARCH_PATHS = (
					/usr/lib/swift,
					"$(inherited)",
				);
				LIBRARY_SEARCH_PATHS = (
					"\"$(SDKROOT)/usr/lib/swift\"",
					"\"$(TOOLCHAIN_DIR)/usr/lib/swift/$(PLATFORM_NAME)\"",
					"\"$(inherited)\"",
				);
				MTL_ENABLE_DEBUG_INFO = YES;
				ONLY_ACTIVE_ARCH = YES;
				OTHER_CFLAGS = "$(inherited)";
				OTHER_CPLUSPLUSFLAGS = (
					"$(OTHER_CFLAGS)",
					"-DFOLLY_NO_CONFIG",
					"-DFOLLY_MOBILE=1",
					"-DFOLLY_USE_LIBCPP=1",
				);
				OTHER_LDFLAGS = (
					"$(inherited)",
					" ",
				);
				REACT_NATIVE_PATH = "${PODS_ROOT}/../../node_modules/react-native";
				SDKROOT = iphoneos;
			};
			name = Debug;
		};
		83CBBA211A601CBA00E9B192 /* Release */ = {
			isa = XCBuildConfiguration;
			buildSettings = {
				ALWAYS_SEARCH_USER_PATHS = NO;
				CLANG_ANALYZER_LOCALIZABILITY_NONLOCALIZED = YES;
				CLANG_CXX_LANGUAGE_STANDARD = "c++17";
				CLANG_CXX_LIBRARY = "libc++";
				CLANG_ENABLE_MODULES = YES;
				CLANG_ENABLE_OBJC_ARC = YES;
				CLANG_WARN_BLOCK_CAPTURE_AUTORELEASING = YES;
				CLANG_WARN_BOOL_CONVERSION = YES;
				CLANG_WARN_COMMA = YES;
				CLANG_WARN_CONSTANT_CONVERSION = YES;
				CLANG_WARN_DEPRECATED_OBJC_IMPLEMENTATIONS = YES;
				CLANG_WARN_DIRECT_OBJC_ISA_USAGE = YES_ERROR;
				CLANG_WARN_EMPTY_BODY = YES;
				CLANG_WARN_ENUM_CONVERSION = YES;
				CLANG_WARN_INFINITE_RECURSION = YES;
				CLANG_WARN_INT_CONVERSION = YES;
				CLANG_WARN_NON_LITERAL_NULL_CONVERSION = YES;
				CLANG_WARN_OBJC_IMPLICIT_RETAIN_SELF = YES;
				CLANG_WARN_OBJC_LITERAL_CONVERSION = YES;
				CLANG_WARN_OBJC_ROOT_CLASS = YES_ERROR;
				CLANG_WARN_QUOTED_INCLUDE_IN_FRAMEWORK_HEADER = YES;
				CLANG_WARN_RANGE_LOOP_ANALYSIS = YES;
				CLANG_WARN_STRICT_PROTOTYPES = YES;
				CLANG_WARN_SUSPICIOUS_MOVE = YES;
				CLANG_WARN_UNREACHABLE_CODE = YES;
				CLANG_WARN__DUPLICATE_METHOD_MATCH = YES;
				"CODE_SIGN_IDENTITY[sdk=iphoneos*]" = "iPhone Developer";
				COPY_PHASE_STRIP = YES;
				ENABLE_NS_ASSERTIONS = NO;
				ENABLE_STRICT_OBJC_MSGSEND = YES;
				"EXCLUDED_ARCHS[sdk=iphonesimulator*]" = "";
				GCC_C_LANGUAGE_STANDARD = gnu99;
				GCC_NO_COMMON_BLOCKS = YES;
				GCC_PREPROCESSOR_DEFINITIONS = (
					"$(inherited)",
					_LIBCPP_ENABLE_CXX17_REMOVED_UNARY_BINARY_FUNCTION,
				);
				GCC_WARN_64_TO_32_BIT_CONVERSION = YES;
				GCC_WARN_ABOUT_RETURN_TYPE = YES_ERROR;
				GCC_WARN_UNDECLARED_SELECTOR = YES;
				GCC_WARN_UNINITIALIZED_AUTOS = YES_AGGRESSIVE;
				GCC_WARN_UNUSED_FUNCTION = YES;
				GCC_WARN_UNUSED_VARIABLE = YES;
				HEADER_SEARCH_PATHS = (
					"$(inherited)",
					"${PODS_CONFIGURATION_BUILD_DIR}/ReactCommon-Samples/ReactCommon_Samples.framework/Headers",
					"${PODS_CONFIGURATION_BUILD_DIR}/ReactCommon/ReactCommon.framework/Headers/react/nativemodule/core",
					"${PODS_CONFIGURATION_BUILD_DIR}/ReactCommon-Samples/ReactCommon_Samples.framework/Headers/platform/ios",
					"${PODS_CONFIGURATION_BUILD_DIR}/React-NativeModulesApple/React_NativeModulesApple.framework/Headers",
					"${PODS_CONFIGURATION_BUILD_DIR}/React-graphics/React_graphics.framework/Headers/react/renderer/graphics/platform/ios",
				);
				IPHONEOS_DEPLOYMENT_TARGET = 12.4;
				LD_RUNPATH_SEARCH_PATHS = (
					/usr/lib/swift,
					"$(inherited)",
				);
				LIBRARY_SEARCH_PATHS = (
					"\"$(SDKROOT)/usr/lib/swift\"",
					"\"$(TOOLCHAIN_DIR)/usr/lib/swift/$(PLATFORM_NAME)\"",
					"\"$(inherited)\"",
				);
				MTL_ENABLE_DEBUG_INFO = NO;
				OTHER_CFLAGS = "$(inherited)";
				OTHER_CPLUSPLUSFLAGS = (
					"$(OTHER_CFLAGS)",
					"-DFOLLY_NO_CONFIG",
					"-DFOLLY_MOBILE=1",
					"-DFOLLY_USE_LIBCPP=1",
				);
				OTHER_LDFLAGS = (
					"$(inherited)",
					" ",
				);
				REACT_NATIVE_PATH = "${PODS_ROOT}/../../node_modules/react-native";
				SDKROOT = iphoneos;
				VALIDATE_PRODUCT = YES;
			};
			name = Release;
		};
/* End XCBuildConfiguration section */

/* Begin XCConfigurationList section */
		00E357021AD99517003FC87E /* Build configuration list for PBXNativeTarget "Batch4Tests" */ = {
			isa = XCConfigurationList;
			buildConfigurations = (
				00E356F61AD99517003FC87E /* Debug */,
				00E356F71AD99517003FC87E /* Release */,
			);
			defaultConfigurationIsVisible = 0;
			defaultConfigurationName = Release;
		};
		047E34832B221707002309C0 /* Build configuration list for PBXNativeTarget "Batch4Dev" */ = {
			isa = XCConfigurationList;
			buildConfigurations = (
				047E34842B221707002309C0 /* Debug */,
				047E34852B221707002309C0 /* Release */,
			);
			defaultConfigurationIsVisible = 0;
			defaultConfigurationName = Release;
		};
		047E349A2B22170C002309C0 /* Build configuration list for PBXNativeTarget "Batch4Stg" */ = {
			isa = XCConfigurationList;
			buildConfigurations = (
				047E349B2B22170C002309C0 /* Debug */,
				047E349C2B22170C002309C0 /* Release */,
			);
			defaultConfigurationIsVisible = 0;
			defaultConfigurationName = Release;
		};
		13B07F931A680F5B00A75B9A /* Build configuration list for PBXNativeTarget "Batch4" */ = {
			isa = XCConfigurationList;
			buildConfigurations = (
				13B07F941A680F5B00A75B9A /* Debug */,
				13B07F951A680F5B00A75B9A /* Release */,
			);
			defaultConfigurationIsVisible = 0;
			defaultConfigurationName = Release;
		};
		83CBB9FA1A601CBA00E9B192 /* Build configuration list for PBXProject "Batch4" */ = {
			isa = XCConfigurationList;
			buildConfigurations = (
				83CBBA201A601CBA00E9B192 /* Debug */,
				83CBBA211A601CBA00E9B192 /* Release */,
			);
			defaultConfigurationIsVisible = 0;
			defaultConfigurationName = Release;
		};
/* End XCConfigurationList section */
	};
	rootObject = 83CBB9F71A601CBA00E9B192 /* Project object */;
}
